// !$*UTF8*$!
{
	archiveVersion = 1;
	classes = {
	};
	objectVersion = 55;
	objects = {

/* Begin PBXBuildFile section */
		D4D84FFB27E0E6DE00EB5325 /* AppDelegate.swift in Sources */ = {isa = PBXBuildFile; fileRef = D4D84FFA27E0E6DE00EB5325 /* AppDelegate.swift */; };
		D4D84FFD27E0E6DE00EB5325 /* SceneDelegate.swift in Sources */ = {isa = PBXBuildFile; fileRef = D4D84FFC27E0E6DE00EB5325 /* SceneDelegate.swift */; };
		D4D8500227E0E6DE00EB5325 /* Main.storyboard in Resources */ = {isa = PBXBuildFile; fileRef = D4D8500027E0E6DE00EB5325 /* Main.storyboard */; };
		D4D8500427E0E6E000EB5325 /* Assets.xcassets in Resources */ = {isa = PBXBuildFile; fileRef = D4D8500327E0E6E000EB5325 /* Assets.xcassets */; };
		D4D8500727E0E6E000EB5325 /* LaunchScreen.storyboard in Resources */ = {isa = PBXBuildFile; fileRef = D4D8500527E0E6E000EB5325 /* LaunchScreen.storyboard */; };
		D4D8500F27E0E7BC00EB5325 /* MyTableViewController.swift in Sources */ = {isa = PBXBuildFile; fileRef = D4D8500E27E0E7BC00EB5325 /* MyTableViewController.swift */; };
		D4D8501127E1FB4000EB5325 /* MyViewController.swift in Sources */ = {isa = PBXBuildFile; fileRef = D4D8501027E1FB4000EB5325 /* MyViewController.swift */; };
		D4D8501627E2117D00EB5325 /* UniversalCell.swift in Sources */ = {isa = PBXBuildFile; fileRef = D4D8501427E2117D00EB5325 /* UniversalCell.swift */; };
		D4D8501727E2117D00EB5325 /* UniversalCell.xib in Resources */ = {isa = PBXBuildFile; fileRef = D4D8501527E2117D00EB5325 /* UniversalCell.xib */; };
/* End PBXBuildFile section */

/* Begin PBXFileReference section */
		D4D84FF727E0E6DE00EB5325 /* ExploringTableView.app */ = {isa = PBXFileReference; explicitFileType = wrapper.application; includeInIndex = 0; path = ExploringTableView.app; sourceTree = BUILT_PRODUCTS_DIR; };
		D4D84FFA27E0E6DE00EB5325 /* AppDelegate.swift */ = {isa = PBXFileReference; lastKnownFileType = sourcecode.swift; path = AppDelegate.swift; sourceTree = "<group>"; };
		D4D84FFC27E0E6DE00EB5325 /* SceneDelegate.swift */ = {isa = PBXFileReference; lastKnownFileType = sourcecode.swift; path = SceneDelegate.swift; sourceTree = "<group>"; };
		D4D8500127E0E6DE00EB5325 /* Base */ = {isa = PBXFileReference; lastKnownFileType = file.storyboard; name = Base; path = Base.lproj/Main.storyboard; sourceTree = "<group>"; };
		D4D8500327E0E6E000EB5325 /* Assets.xcassets */ = {isa = PBXFileReference; lastKnownFileType = folder.assetcatalog; path = Assets.xcassets; sourceTree = "<group>"; };
		D4D8500627E0E6E000EB5325 /* Base */ = {isa = PBXFileReference; lastKnownFileType = file.storyboard; name = Base; path = Base.lproj/LaunchScreen.storyboard; sourceTree = "<group>"; };
		D4D8500827E0E6E100EB5325 /* Info.plist */ = {isa = PBXFileReference; lastKnownFileType = text.plist.xml; path = Info.plist; sourceTree = "<group>"; };
		D4D8500E27E0E7BC00EB5325 /* MyTableViewController.swift */ = {isa = PBXFileReference; lastKnownFileType = sourcecode.swift; path = MyTableViewController.swift; sourceTree = "<group>"; };
		D4D8501027E1FB4000EB5325 /* MyViewController.swift */ = {isa = PBXFileReference; lastKnownFileType = sourcecode.swift; path = MyViewController.swift; sourceTree = "<group>"; };
		D4D8501427E2117D00EB5325 /* UniversalCell.swift */ = {isa = PBXFileReference; lastKnownFileType = sourcecode.swift; path = UniversalCell.swift; sourceTree = "<group>"; };
		D4D8501527E2117D00EB5325 /* UniversalCell.xib */ = {isa = PBXFileReference; lastKnownFileType = file.xib; path = UniversalCell.xib; sourceTree = "<group>"; };
/* End PBXFileReference section */

/* Begin PBXFrameworksBuildPhase section */
		D4D84FF427E0E6DE00EB5325 /* Frameworks */ = {
			isa = PBXFrameworksBuildPhase;
			buildActionMask = 2147483647;
			files = (
			);
			runOnlyForDeploymentPostprocessing = 0;
		};
/* End PBXFrameworksBuildPhase section */

/* Begin PBXGroup section */
		D4D84FEE27E0E6DE00EB5325 = {
			isa = PBXGroup;
			children = (
				D4D84FF927E0E6DE00EB5325 /* ExploringTableView */,
				D4D84FF827E0E6DE00EB5325 /* Products */,
			);
			sourceTree = "<group>";
		};
		D4D84FF827E0E6DE00EB5325 /* Products */ = {
			isa = PBXGroup;
			children = (
				D4D84FF727E0E6DE00EB5325 /* ExploringTableView.app */,
			);
			name = Products;
			sourceTree = "<group>";
		};
		D4D84FF927E0E6DE00EB5325 /* ExploringTableView */ = {
			isa = PBXGroup;
			children = (
				D4D84FFA27E0E6DE00EB5325 /* AppDelegate.swift */,
				D4D84FFC27E0E6DE00EB5325 /* SceneDelegate.swift */,
				D4D8500027E0E6DE00EB5325 /* Main.storyboard */,
				D4D8501427E2117D00EB5325 /* UniversalCell.swift */,
				D4D8501527E2117D00EB5325 /* UniversalCell.xib */,
				D4D8501027E1FB4000EB5325 /* MyViewController.swift */,
				D4D8500E27E0E7BC00EB5325 /* MyTableViewController.swift */,
				D4D8500327E0E6E000EB5325 /* Assets.xcassets */,
				D4D8500527E0E6E000EB5325 /* LaunchScreen.storyboard */,
				D4D8500827E0E6E100EB5325 /* Info.plist */,
			);
			path = ExploringTableView;
			sourceTree = "<group>";
		};
/* End PBXGroup section */

/* Begin PBXNativeTarget section */
		D4D84FF627E0E6DE00EB5325 /* ExploringTableView */ = {
			isa = PBXNativeTarget;
			buildConfigurationList = D4D8500B27E0E6E100EB5325 /* Build configuration list for PBXNativeTarget "ExploringTableView" */;
			buildPhases = (
				D4D84FF327E0E6DE00EB5325 /* Sources */,
				D4D84FF427E0E6DE00EB5325 /* Frameworks */,
				D4D84FF527E0E6DE00EB5325 /* Resources */,
			);
			buildRules = (
			);
			dependencies = (
			);
			name = ExploringTableView;
			productName = ExploringTableView;
			productReference = D4D84FF727E0E6DE00EB5325 /* ExploringTableView.app */;
			productType = "com.apple.product-type.application";
		};
/* End PBXNativeTarget section */

/* Begin PBXProject section */
		D4D84FEF27E0E6DE00EB5325 /* Project object */ = {
			isa = PBXProject;
			attributes = {
				BuildIndependentTargetsInParallel = 1;
				LastSwiftUpdateCheck = 1330;
				LastUpgradeCheck = 1330;
				TargetAttributes = {
					D4D84FF627E0E6DE00EB5325 = {
						CreatedOnToolsVersion = 13.3;
					};
				};
			};
			buildConfigurationList = D4D84FF227E0E6DE00EB5325 /* Build configuration list for PBXProject "ExploringTableView" */;
			compatibilityVersion = "Xcode 13.0";
			developmentRegion = en;
			hasScannedForEncodings = 0;
			knownRegions = (
				en,
				Base,
			);
			mainGroup = D4D84FEE27E0E6DE00EB5325;
			productRefGroup = D4D84FF827E0E6DE00EB5325 /* Products */;
			projectDirPath = "";
			projectRoot = "";
			targets = (
				D4D84FF627E0E6DE00EB5325 /* ExploringTableView */,
			);
		};
/* End PBXProject section */

/* Begin PBXResourcesBuildPhase section */
		D4D84FF527E0E6DE00EB5325 /* Resources */ = {
			isa = PBXResourcesBuildPhase;
			buildActionMask = 2147483647;
			files = (
				D4D8500727E0E6E000EB5325 /* LaunchScreen.storyboard in Resources */,
				D4D8500427E0E6E000EB5325 /* Assets.xcassets in Resources */,
				D4D8500227E0E6DE00EB5325 /* Main.storyboard in Resources */,
				D4D8501727E2117D00EB5325 /* UniversalCell.xib in Resources */,
			);
			runOnlyForDeploymentPostprocessing = 0;
		};
/* End PBXResourcesBuildPhase section */

/* Begin PBXSourcesBuildPhase section */
		D4D84FF327E0E6DE00EB5325 /* Sources */ = {
			isa = PBXSourcesBuildPhase;
			buildActionMask = 2147483647;
			files = (
				D4D84FFB27E0E6DE00EB5325 /* AppDelegate.swift in Sources */,
				D4D8500F27E0E7BC00EB5325 /* MyTableViewController.swift in Sources */,
				D4D8501127E1FB4000EB5325 /* MyViewController.swift in Sources */,
				D4D8501627E2117D00EB5325 /* UniversalCell.swift in Sources */,
				D4D84FFD27E0E6DE00EB5325 /* SceneDelegate.swift in Sources */,
			);
			runOnlyForDeploymentPostprocessing = 0;
		};
/* End PBXSourcesBuildPhase section */

/* Begin PBXVariantGroup section */
		D4D8500027E0E6DE00EB5325 /* Main.storyboard */ = {
			isa = PBXVariantGroup;
			children = (
				D4D8500127E0E6DE00EB5325 /* Base */,
			);
			name = Main.storyboard;
			sourceTree = "<group>";
		};
		D4D8500527E0E6E000EB5325 /* LaunchScreen.storyboard */ = {
			isa = PBXVariantGroup;
			children = (
				D4D8500627E0E6E000EB5325 /* Base */,
			);
			name = LaunchScreen.storyboard;
			sourceTree = "<group>";
		};
/* End PBXVariantGroup section */

/* Begin XCBuildConfiguration section */
		D4D8500927E0E6E100EB5325 /* Debug */ = {
			isa = XCBuildConfiguration;
			buildSettings = {
				ALWAYS_SEARCH_USER_PATHS = NO;
				CLANG_ANALYZER_NONNULL = YES;
				CLANG_ANALYZER_NUMBER_OBJECT_CONVERSION = YES_AGGRESSIVE;
				CLANG_CXX_LANGUAGE_STANDARD = "gnu++17";
				CLANG_ENABLE_MODULES = YES;
				CLANG_ENABLE_OBJC_ARC = YES;
				CLANG_ENABLE_OBJC_WEAK = YES;
				CLANG_WARN_BLOCK_CAPTURE_AUTORELEASING = YES;
				CLANG_WARN_BOOL_CONVERSION = YES;
				CLANG_WARN_COMMA = YES;
				CLANG_WARN_CONSTANT_CONVERSION = YES;
				CLANG_WARN_DEPRECATED_OBJC_IMPLEMENTATIONS = YES;
				CLANG_WARN_DIRECT_OBJC_ISA_USAGE = YES_ERROR;
				CLANG_WARN_DOCUMENTATION_COMMENTS = YES;
				CLANG_WARN_EMPTY_BODY = YES;
				CLANG_WARN_ENUM_CONVERSION = YES;
				CLANG_WARN_INFINITE_RECURSION = YES;
				CLANG_WARN_INT_CONVERSION = YES;
				CLANG_WARN_NON_LITERAL_NULL_CONVERSION = YES;
				CLANG_WARN_OBJC_IMPLICIT_RETAIN_SELF = YES;
				CLANG_WARN_OBJC_LITERAL_CONVERSION = YES;
				CLANG_WARN_OBJC_ROOT_CLASS = YES_ERROR;
				CLANG_WARN_QUOTED_INCLUDE_IN_FRAMEWORK_HEADER = YES;
				CLANG_WARN_RANGE_LOOP_ANALYSIS = YES;
				CLANG_WARN_STRICT_PROTOTYPES = YES;
				CLANG_WARN_SUSPICIOUS_MOVE = YES;
				CLANG_WARN_UNGUARDED_AVAILABILITY = YES_AGGRESSIVE;
				CLANG_WARN_UNREACHABLE_CODE = YES;
				CLANG_WARN__DUPLICATE_METHOD_MATCH = YES;
				COPY_PHASE_STRIP = NO;
				DEBUG_INFORMATION_FORMAT = dwarf;
				ENABLE_STRICT_OBJC_MSGSEND = YES;
				ENABLE_TESTABILITY = YES;
				GCC_C_LANGUAGE_STANDARD = gnu11;
				GCC_DYNAMIC_NO_PIC = NO;
				GCC_NO_COMMON_BLOCKS = YES;
				GCC_OPTIMIZATION_LEVEL = 0;
				GCC_PREPROCESSOR_DEFINITIONS = (
					"DEBUG=1",
					"$(inherited)",
				);
				GCC_WARN_64_TO_32_BIT_CONVERSION = YES;
				GCC_WARN_ABOUT_RETURN_TYPE = YES_ERROR;
				GCC_WARN_UNDECLARED_SELECTOR = YES;
				GCC_WARN_UNINITIALIZED_AUTOS = YES_AGGRESSIVE;
				GCC_WARN_UNUSED_FUNCTION = YES;
				GCC_WARN_UNUSED_VARIABLE = YES;
				IPHONEOS_DEPLOYMENT_TARGET = 15.4;
				MTL_ENABLE_DEBUG_INFO = INCLUDE_SOURCE;
				MTL_FAST_MATH = YES;
				ONLY_ACTIVE_ARCH = YES;
				SDKROOT = iphoneos;
				SWIFT_ACTIVE_COMPILATION_CONDITIONS = DEBUG;
				SWIFT_OPTIMIZATION_LEVEL = "-Onone";
			};
			name = Debug;
		};
		D4D8500A27E0E6E100EB5325 /* Release */ = {
			isa = XCBuildConfiguration;
			buildSettings = {
				ALWAYS_SEARCH_USER_PATHS = NO;
				CLANG_ANALYZER_NONNULL = YES;
				CLANG_ANALYZER_NUMBER_OBJECT_CONVERSION = YES_AGGRESSIVE;
				CLANG_CXX_LANGUAGE_STANDARD = "gnu++17";
				CLANG_ENABLE_MODULES = YES;
				CLANG_ENABLE_OBJC_ARC = YES;
				CLANG_ENABLE_OBJC_WEAK = YES;
				CLANG_WARN_BLOCK_CAPTURE_AUTORELEASING = YES;
				CLANG_WARN_BOOL_CONVERSION = YES;
				CLANG_WARN_COMMA = YES;
				CLANG_WARN_CONSTANT_CONVERSION = YES;
				CLANG_WARN_DEPRECATED_OBJC_IMPLEMENTATIONS = YES;
				CLANG_WARN_DIRECT_OBJC_ISA_USAGE = YES_ERROR;
				CLANG_WARN_DOCUMENTATION_COMMENTS = YES;
				CLANG_WARN_EMPTY_BODY = YES;
				CLANG_WARN_ENUM_CONVERSION = YES;
				CLANG_WARN_INFINITE_RECURSION = YES;
				CLANG_WARN_INT_CONVERSION = YES;
				CLANG_WARN_NON_LITERAL_NULL_CONVERSION = YES;
				CLANG_WARN_OBJC_IMPLICIT_RETAIN_SELF = YES;
				CLANG_WARN_OBJC_LITERAL_CONVERSION = YES;
				CLANG_WARN_OBJC_ROOT_CLASS = YES_ERROR;
				CLANG_WARN_QUOTED_INCLUDE_IN_FRAMEWORK_HEADER = YES;
				CLANG_WARN_RANGE_LOOP_ANALYSIS = YES;
				CLANG_WARN_STRICT_PROTOTYPES = YES;
				CLANG_WARN_SUSPICIOUS_MOVE = YES;
				CLANG_WARN_UNGUARDED_AVAILABILITY = YES_AGGRESSIVE;
				CLANG_WARN_UNREACHABLE_CODE = YES;
				CLANG_WARN__DUPLICATE_METHOD_MATCH = YES;
				COPY_PHASE_STRIP = NO;
				DEBUG_INFORMATION_FORMAT = "dwarf-with-dsym";
				ENABLE_NS_ASSERTIONS = NO;
				ENABLE_STRICT_OBJC_MSGSEND = YES;
				GCC_C_LANGUAGE_STANDARD = gnu11;
				GCC_NO_COMMON_BLOCKS = YES;
				GCC_WARN_64_TO_32_BIT_CONVERSION = YES;
				GCC_WARN_ABOUT_RETURN_TYPE = YES_ERROR;
				GCC_WARN_UNDECLARED_SELECTOR = YES;
				GCC_WARN_UNINITIALIZED_AUTOS = YES_AGGRESSIVE;
				GCC_WARN_UNUSED_FUNCTION = YES;
				GCC_WARN_UNUSED_VARIABLE = YES;
				IPHONEOS_DEPLOYMENT_TARGET = 15.4;
				MTL_ENABLE_DEBUG_INFO = NO;
				MTL_FAST_MATH = YES;
				SDKROOT = iphoneos;
				SWIFT_COMPILATION_MODE = wholemodule;
				SWIFT_OPTIMIZATION_LEVEL = "-O";
				VALIDATE_PRODUCT = YES;
			};
			name = Release;
		};
		D4D8500C27E0E6E100EB5325 /* Debug */ = {
			isa = XCBuildConfiguration;
			buildSettings = {
				ASSETCATALOG_COMPILER_APPICON_NAME = AppIcon;
				ASSETCATALOG_COMPILER_GLOBAL_ACCENT_COLOR_NAME = AccentColor;
				CODE_SIGN_STYLE = Automatic;
				CURRENT_PROJECT_VERSION = 1;
				DEVELOPMENT_TEAM = UPG6YRJUMF;
				GENERATE_INFOPLIST_FILE = YES;
				INFOPLIST_FILE = ExploringTableView/Info.plist;
				INFOPLIST_KEY_UIApplicationSupportsIndirectInputEvents = YES;
				INFOPLIST_KEY_UILaunchStoryboardName = LaunchScreen;
				INFOPLIST_KEY_UIMainStoryboardFile = Main;
				INFOPLIST_KEY_UISupportedInterfaceOrientations_iPad = "UIInterfaceOrientationPortrait UIInterfaceOrientationPortraitUpsideDown UIInterfaceOrientationLandscapeLeft UIInterfaceOrientationLandscapeRight";
				INFOPLIST_KEY_UISupportedInterfaceOrientations_iPhone = "UIInterfaceOrientationPortrait UIInterfaceOrientationLandscapeLeft UIInterfaceOrientationLandscapeRight";
				LD_RUNPATH_SEARCH_PATHS = (
					"$(inherited)",
					"@executable_path/Frameworks",
				);
				MARKETING_VERSION = 1.0;
				PRODUCT_BUNDLE_IDENTIFIER = Alexey.Zhuravlev.ExploringTableView;
				PRODUCT_NAME = "$(TARGET_NAME)";
				SWIFT_EMIT_LOC_STRINGS = YES;
				SWIFT_VERSION = 5.0;
				TARGETED_DEVICE_FAMILY = "1,2";
			};
			name = Debug;
		};
		D4D8500D27E0E6E100EB5325 /* Release */ = {
			isa = XCBuildConfiguration;
			buildSettings = {
				ASSETCATALOG_COMPILER_APPICON_NAME = AppIcon;
				ASSETCATALOG_COMPILER_GLOBAL_ACCENT_COLOR_NAME = AccentColor;
				CODE_SIGN_STYLE = Automatic;
				CURRENT_PROJECT_VERSION = 1;
				DEVELOPMENT_TEAM = UPG6YRJUMF;
				GENERATE_INFOPLIST_FILE = YES;
				INFOPLIST_FILE = ExploringTableView/Info.plist;
				INFOPLIST_KEY_UIApplicationSupportsIndirectInputEvents = YES;
				INFOPLIST_KEY_UILaunchStoryboardName = LaunchScreen;
				INFOPLIST_KEY_UIMainStoryboardFile = Main;
				INFOPLIST_KEY_UISupportedInterfaceOrientations_iPad = "UIInterfaceOrientationPortrait UIInterfaceOrientationPortraitUpsideDown UIInterfaceOrientationLandscapeLeft UIInterfaceOrientationLandscapeRight";
				INFOPLIST_KEY_UISupportedInterfaceOrientations_iPhone = "UIInterfaceOrientationPortrait UIInterfaceOrientationLandscapeLeft UIInterfaceOrientationLandscapeRight";
				LD_RUNPATH_SEARCH_PATHS = (
					"$(inherited)",
					"@executable_path/Frameworks",
				);
				MARKETING_VERSION = 1.0;
				PRODUCT_BUNDLE_IDENTIFIER = Alexey.Zhuravlev.ExploringTableView;
				PRODUCT_NAME = "$(TARGET_NAME)";
				SWIFT_EMIT_LOC_STRINGS = YES;
				SWIFT_VERSION = 5.0;
				TARGETED_DEVICE_FAMILY = "1,2";
			};
			name = Release;
		};
/* End XCBuildConfiguration section */

/* Begin XCConfigurationList section */
		D4D84FF227E0E6DE00EB5325 /* Build configuration list for PBXProject "ExploringTableView" */ = {
			isa = XCConfigurationList;
			buildConfigurations = (
				D4D8500927E0E6E100EB5325 /* Debug */,
				D4D8500A27E0E6E100EB5325 /* Release */,
			);
			defaultConfigurationIsVisible = 0;
			defaultConfigurationName = Release;
		};
		D4D8500B27E0E6E100EB5325 /* Build configuration list for PBXNativeTarget "ExploringTableView" */ = {
			isa = XCConfigurationList;
			buildConfigurations = (
				D4D8500C27E0E6E100EB5325 /* Debug */,
				D4D8500D27E0E6E100EB5325 /* Release */,
			);
			defaultConfigurationIsVisible = 0;
			defaultConfigurationName = Release;
		};
/* End XCConfigurationList section */
	};
	rootObject = D4D84FEF27E0E6DE00EB5325 /* Project object */;
}
