// !$*UTF8*$!
{
	archiveVersion = 1;
	classes = {
	};
	objectVersion = 55;
	objects = {

/* Begin PBXBuildFile section */
		1A5EE033EDD1510B6268D25F /* Pods_BankApp.framework in Frameworks */ = {isa = PBXBuildFile; fileRef = 6EFD19153E1F6D0A209DFD8A /* Pods_BankApp.framework */; };
		D420FD4C28463B75005AECB7 /* AppDelegate.swift in Sources */ = {isa = PBXBuildFile; fileRef = D420FD4B28463B75005AECB7 /* AppDelegate.swift */; };
		D420FD4E28463B75005AECB7 /* SceneDelegate.swift in Sources */ = {isa = PBXBuildFile; fileRef = D420FD4D28463B75005AECB7 /* SceneDelegate.swift */; };
		D420FD5028463B75005AECB7 /* ViewController.swift in Sources */ = {isa = PBXBuildFile; fileRef = D420FD4F28463B75005AECB7 /* ViewController.swift */; };
		D420FD5328463B75005AECB7 /* Main.storyboard in Resources */ = {isa = PBXBuildFile; fileRef = D420FD5128463B75005AECB7 /* Main.storyboard */; };
		D420FD5528463B75005AECB7 /* Assets.xcassets in Resources */ = {isa = PBXBuildFile; fileRef = D420FD5428463B75005AECB7 /* Assets.xcassets */; };
		D420FD5828463B75005AECB7 /* LaunchScreen.storyboard in Resources */ = {isa = PBXBuildFile; fileRef = D420FD5628463B75005AECB7 /* LaunchScreen.storyboard */; };
		D420FD6028464D8E005AECB7 /* Storage.swift in Sources */ = {isa = PBXBuildFile; fileRef = D420FD5F28464D8E005AECB7 /* Storage.swift */; };
		D420FD6228464E4D005AECB7 /* Model.swift in Sources */ = {isa = PBXBuildFile; fileRef = D420FD6128464E4D005AECB7 /* Model.swift */; };
		D420FD8628467241005AECB7 /* Alerts.swift in Sources */ = {isa = PBXBuildFile; fileRef = D420FD8528467241005AECB7 /* Alerts.swift */; };
		D420FDAC28490842005AECB7 /* MyCell.swift in Sources */ = {isa = PBXBuildFile; fileRef = D420FDAB28490842005AECB7 /* MyCell.swift */; };
		D420FDAE284A4020005AECB7 /* BalanceCell.swift in Sources */ = {isa = PBXBuildFile; fileRef = D420FDAD284A4020005AECB7 /* BalanceCell.swift */; };
/* End PBXBuildFile section */

/* Begin PBXFileReference section */
		6EFD19153E1F6D0A209DFD8A /* Pods_BankApp.framework */ = {isa = PBXFileReference; explicitFileType = wrapper.framework; includeInIndex = 0; path = Pods_BankApp.framework; sourceTree = BUILT_PRODUCTS_DIR; };
		CE446F69DAB0B92BCEC81D89 /* Pods-BankApp.debug.xcconfig */ = {isa = PBXFileReference; includeInIndex = 1; lastKnownFileType = text.xcconfig; name = "Pods-BankApp.debug.xcconfig"; path = "Target Support Files/Pods-BankApp/Pods-BankApp.debug.xcconfig"; sourceTree = "<group>"; };
		D3BCD8606E70A0AC01E0AC0B /* Pods-BankApp.release.xcconfig */ = {isa = PBXFileReference; includeInIndex = 1; lastKnownFileType = text.xcconfig; name = "Pods-BankApp.release.xcconfig"; path = "Target Support Files/Pods-BankApp/Pods-BankApp.release.xcconfig"; sourceTree = "<group>"; };
		D420FD4828463B75005AECB7 /* BankApp.app */ = {isa = PBXFileReference; explicitFileType = wrapper.application; includeInIndex = 0; path = BankApp.app; sourceTree = BUILT_PRODUCTS_DIR; };
		D420FD4B28463B75005AECB7 /* AppDelegate.swift */ = {isa = PBXFileReference; lastKnownFileType = sourcecode.swift; path = AppDelegate.swift; sourceTree = "<group>"; };
		D420FD4D28463B75005AECB7 /* SceneDelegate.swift */ = {isa = PBXFileReference; lastKnownFileType = sourcecode.swift; path = SceneDelegate.swift; sourceTree = "<group>"; };
		D420FD4F28463B75005AECB7 /* ViewController.swift */ = {isa = PBXFileReference; lastKnownFileType = sourcecode.swift; path = ViewController.swift; sourceTree = "<group>"; };
		D420FD5228463B75005AECB7 /* Base */ = {isa = PBXFileReference; lastKnownFileType = file.storyboard; name = Base; path = Base.lproj/Main.storyboard; sourceTree = "<group>"; };
		D420FD5428463B75005AECB7 /* Assets.xcassets */ = {isa = PBXFileReference; lastKnownFileType = folder.assetcatalog; path = Assets.xcassets; sourceTree = "<group>"; };
		D420FD5728463B75005AECB7 /* Base */ = {isa = PBXFileReference; lastKnownFileType = file.storyboard; name = Base; path = Base.lproj/LaunchScreen.storyboard; sourceTree = "<group>"; };
		D420FD5928463B75005AECB7 /* Info.plist */ = {isa = PBXFileReference; lastKnownFileType = text.plist.xml; path = Info.plist; sourceTree = "<group>"; };
		D420FD5F28464D8E005AECB7 /* Storage.swift */ = {isa = PBXFileReference; lastKnownFileType = sourcecode.swift; path = Storage.swift; sourceTree = "<group>"; };
		D420FD6128464E4D005AECB7 /* Model.swift */ = {isa = PBXFileReference; lastKnownFileType = sourcecode.swift; path = Model.swift; sourceTree = "<group>"; };
		D420FD8528467241005AECB7 /* Alerts.swift */ = {isa = PBXFileReference; lastKnownFileType = sourcecode.swift; path = Alerts.swift; sourceTree = "<group>"; };
		D420FDAB28490842005AECB7 /* MyCell.swift */ = {isa = PBXFileReference; lastKnownFileType = sourcecode.swift; path = MyCell.swift; sourceTree = "<group>"; };
		D420FDAD284A4020005AECB7 /* BalanceCell.swift */ = {isa = PBXFileReference; lastKnownFileType = sourcecode.swift; path = BalanceCell.swift; sourceTree = "<group>"; };
/* End PBXFileReference section */

/* Begin PBXFrameworksBuildPhase section */
		D420FD4528463B75005AECB7 /* Frameworks */ = {
			isa = PBXFrameworksBuildPhase;
			buildActionMask = 2147483647;
			files = (
				1A5EE033EDD1510B6268D25F /* Pods_BankApp.framework in Frameworks */,
			);
			runOnlyForDeploymentPostprocessing = 0;
		};
/* End PBXFrameworksBuildPhase section */

/* Begin PBXGroup section */
		01E741EA2267C74439C8F45C /* Frameworks */ = {
			isa = PBXGroup;
			children = (
				6EFD19153E1F6D0A209DFD8A /* Pods_BankApp.framework */,
			);
			name = Frameworks;
			sourceTree = "<group>";
		};
		1E2712E741AF59B0DF0308C3 /* Pods */ = {
			isa = PBXGroup;
			children = (
				CE446F69DAB0B92BCEC81D89 /* Pods-BankApp.debug.xcconfig */,
				D3BCD8606E70A0AC01E0AC0B /* Pods-BankApp.release.xcconfig */,
			);
			path = Pods;
			sourceTree = "<group>";
		};
		D420FD3F28463B75005AECB7 = {
			isa = PBXGroup;
			children = (
				D420FD4A28463B75005AECB7 /* BankApp */,
				D420FD4928463B75005AECB7 /* Products */,
				1E2712E741AF59B0DF0308C3 /* Pods */,
				01E741EA2267C74439C8F45C /* Frameworks */,
			);
			sourceTree = "<group>";
		};
		D420FD4928463B75005AECB7 /* Products */ = {
			isa = PBXGroup;
			children = (
				D420FD4828463B75005AECB7 /* BankApp.app */,
			);
			name = Products;
			sourceTree = "<group>";
		};
		D420FD4A28463B75005AECB7 /* BankApp */ = {
			isa = PBXGroup;
			children = (
				D420FD4B28463B75005AECB7 /* AppDelegate.swift */,
				D420FD4D28463B75005AECB7 /* SceneDelegate.swift */,
				D420FD4F28463B75005AECB7 /* ViewController.swift */,
				D420FD5128463B75005AECB7 /* Main.storyboard */,
				D420FD5428463B75005AECB7 /* Assets.xcassets */,
				D420FD5628463B75005AECB7 /* LaunchScreen.storyboard */,
				D420FD5928463B75005AECB7 /* Info.plist */,
				D420FD5F28464D8E005AECB7 /* Storage.swift */,
				D420FD6128464E4D005AECB7 /* Model.swift */,
				D420FD8528467241005AECB7 /* Alerts.swift */,
				D420FDAB28490842005AECB7 /* MyCell.swift */,
				D420FDAD284A4020005AECB7 /* BalanceCell.swift */,
			);
			path = BankApp;
			sourceTree = "<group>";
		};
/* End PBXGroup section */

/* Begin PBXNativeTarget section */
		D420FD4728463B75005AECB7 /* BankApp */ = {
			isa = PBXNativeTarget;
			buildConfigurationList = D420FD5C28463B75005AECB7 /* Build configuration list for PBXNativeTarget "BankApp" */;
			buildPhases = (
				1BFE74E7A74B03FBDF3C20F1 /* [CP] Check Pods Manifest.lock */,
				D420FD4428463B75005AECB7 /* Sources */,
				D420FD4528463B75005AECB7 /* Frameworks */,
				D420FD4628463B75005AECB7 /* Resources */,
				87917095907BB4084D09985A /* [CP] Embed Pods Frameworks */,
			);
			buildRules = (
			);
			dependencies = (
			);
			name = BankApp;
			productName = BankApp;
			productReference = D420FD4828463B75005AECB7 /* BankApp.app */;
			productType = "com.apple.product-type.application";
		};
/* End PBXNativeTarget section */

/* Begin PBXProject section */
		D420FD4028463B75005AECB7 /* Project object */ = {
			isa = PBXProject;
			attributes = {
				BuildIndependentTargetsInParallel = 1;
				LastSwiftUpdateCheck = 1340;
				LastUpgradeCheck = 1340;
				TargetAttributes = {
					D420FD4728463B75005AECB7 = {
						CreatedOnToolsVersion = 13.4;
					};
				};
			};
			buildConfigurationList = D420FD4328463B75005AECB7 /* Build configuration list for PBXProject "BankApp" */;
			compatibilityVersion = "Xcode 13.0";
			developmentRegion = en;
			hasScannedForEncodings = 0;
			knownRegions = (
				en,
				Base,
			);
			mainGroup = D420FD3F28463B75005AECB7;
			productRefGroup = D420FD4928463B75005AECB7 /* Products */;
			projectDirPath = "";
			projectRoot = "";
			targets = (
				D420FD4728463B75005AECB7 /* BankApp */,
			);
		};
/* End PBXProject section */

/* Begin PBXResourcesBuildPhase section */
		D420FD4628463B75005AECB7 /* Resources */ = {
			isa = PBXResourcesBuildPhase;
			buildActionMask = 2147483647;
			files = (
				D420FD5828463B75005AECB7 /* LaunchScreen.storyboard in Resources */,
				D420FD5528463B75005AECB7 /* Assets.xcassets in Resources */,
				D420FD5328463B75005AECB7 /* Main.storyboard in Resources */,
			);
			runOnlyForDeploymentPostprocessing = 0;
		};
/* End PBXResourcesBuildPhase section */

/* Begin PBXShellScriptBuildPhase section */
		1BFE74E7A74B03FBDF3C20F1 /* [CP] Check Pods Manifest.lock */ = {
			isa = PBXShellScriptBuildPhase;
			buildActionMask = 2147483647;
			files = (
			);
			inputFileListPaths = (
			);
			inputPaths = (
				"${PODS_PODFILE_DIR_PATH}/Podfile.lock",
				"${PODS_ROOT}/Manifest.lock",
			);
			name = "[CP] Check Pods Manifest.lock";
			outputFileListPaths = (
			);
			outputPaths = (
				"$(DERIVED_FILE_DIR)/Pods-BankApp-checkManifestLockResult.txt",
			);
			runOnlyForDeploymentPostprocessing = 0;
			shellPath = /bin/sh;
			shellScript = "diff \"${PODS_PODFILE_DIR_PATH}/Podfile.lock\" \"${PODS_ROOT}/Manifest.lock\" > /dev/null\nif [ $? != 0 ] ; then\n    # print error to STDERR\n    echo \"error: The sandbox is not in sync with the Podfile.lock. Run 'pod install' or update your CocoaPods installation.\" >&2\n    exit 1\nfi\n# This output is used by Xcode 'outputs' to avoid re-running this script phase.\necho \"SUCCESS\" > \"${SCRIPT_OUTPUT_FILE_0}\"\n";
			showEnvVarsInLog = 0;
		};
		87917095907BB4084D09985A /* [CP] Embed Pods Frameworks */ = {
			isa = PBXShellScriptBuildPhase;
			buildActionMask = 2147483647;
			files = (
			);
			inputFileListPaths = (
				"${PODS_ROOT}/Target Support Files/Pods-BankApp/Pods-BankApp-frameworks-${CONFIGURATION}-input-files.xcfilelist",
			);
			name = "[CP] Embed Pods Frameworks";
			outputFileListPaths = (
				"${PODS_ROOT}/Target Support Files/Pods-BankApp/Pods-BankApp-frameworks-${CONFIGURATION}-output-files.xcfilelist",
			);
			runOnlyForDeploymentPostprocessing = 0;
			shellPath = /bin/sh;
			shellScript = "\"${PODS_ROOT}/Target Support Files/Pods-BankApp/Pods-BankApp-frameworks.sh\"\n";
			showEnvVarsInLog = 0;
		};
/* End PBXShellScriptBuildPhase section */

/* Begin PBXSourcesBuildPhase section */
		D420FD4428463B75005AECB7 /* Sources */ = {
			isa = PBXSourcesBuildPhase;
			buildActionMask = 2147483647;
			files = (
				D420FD6228464E4D005AECB7 /* Model.swift in Sources */,
				D420FD5028463B75005AECB7 /* ViewController.swift in Sources */,
				D420FDAE284A4020005AECB7 /* BalanceCell.swift in Sources */,
				D420FD6028464D8E005AECB7 /* Storage.swift in Sources */,
				D420FD4C28463B75005AECB7 /* AppDelegate.swift in Sources */,
				D420FDAC28490842005AECB7 /* MyCell.swift in Sources */,
				D420FD8628467241005AECB7 /* Alerts.swift in Sources */,
				D420FD4E28463B75005AECB7 /* SceneDelegate.swift in Sources */,
			);
			runOnlyForDeploymentPostprocessing = 0;
		};
/* End PBXSourcesBuildPhase section */

/* Begin PBXVariantGroup section */
		D420FD5128463B75005AECB7 /* Main.storyboard */ = {
			isa = PBXVariantGroup;
			children = (
				D420FD5228463B75005AECB7 /* Base */,
			);
			name = Main.storyboard;
			sourceTree = "<group>";
		};
		D420FD5628463B75005AECB7 /* LaunchScreen.storyboard */ = {
			isa = PBXVariantGroup;
			children = (
				D420FD5728463B75005AECB7 /* Base */,
			);
			name = LaunchScreen.storyboard;
			sourceTree = "<group>";
		};
/* End PBXVariantGroup section */

/* Begin XCBuildConfiguration section */
		D420FD5A28463B75005AECB7 /* Debug */ = {
			isa = XCBuildConfiguration;
			buildSettings = {
				ALWAYS_SEARCH_USER_PATHS = NO;
				CLANG_ANALYZER_NONNULL = YES;
				CLANG_ANALYZER_NUMBER_OBJECT_CONVERSION = YES_AGGRESSIVE;
				CLANG_CXX_LANGUAGE_STANDARD = "gnu++17";
				CLANG_ENABLE_MODULES = YES;
				CLANG_ENABLE_OBJC_ARC = YES;
				CLANG_ENABLE_OBJC_WEAK = YES;
				CLANG_WARN_BLOCK_CAPTURE_AUTORELEASING = YES;
				CLANG_WARN_BOOL_CONVERSION = YES;
				CLANG_WARN_COMMA = YES;
				CLANG_WARN_CONSTANT_CONVERSION = YES;
				CLANG_WARN_DEPRECATED_OBJC_IMPLEMENTATIONS = YES;
				CLANG_WARN_DIRECT_OBJC_ISA_USAGE = YES_ERROR;
				CLANG_WARN_DOCUMENTATION_COMMENTS = YES;
				CLANG_WARN_EMPTY_BODY = YES;
				CLANG_WARN_ENUM_CONVERSION = YES;
				CLANG_WARN_INFINITE_RECURSION = YES;
				CLANG_WARN_INT_CONVERSION = YES;
				CLANG_WARN_NON_LITERAL_NULL_CONVERSION = YES;
				CLANG_WARN_OBJC_IMPLICIT_RETAIN_SELF = YES;
				CLANG_WARN_OBJC_LITERAL_CONVERSION = YES;
				CLANG_WARN_OBJC_ROOT_CLASS = YES_ERROR;
				CLANG_WARN_QUOTED_INCLUDE_IN_FRAMEWORK_HEADER = YES;
				CLANG_WARN_RANGE_LOOP_ANALYSIS = YES;
				CLANG_WARN_STRICT_PROTOTYPES = YES;
				CLANG_WARN_SUSPICIOUS_MOVE = YES;
				CLANG_WARN_UNGUARDED_AVAILABILITY = YES_AGGRESSIVE;
				CLANG_WARN_UNREACHABLE_CODE = YES;
				CLANG_WARN__DUPLICATE_METHOD_MATCH = YES;
				COPY_PHASE_STRIP = NO;
				DEBUG_INFORMATION_FORMAT = dwarf;
				ENABLE_STRICT_OBJC_MSGSEND = YES;
				ENABLE_TESTABILITY = YES;
				GCC_C_LANGUAGE_STANDARD = gnu11;
				GCC_DYNAMIC_NO_PIC = NO;
				GCC_NO_COMMON_BLOCKS = YES;
				GCC_OPTIMIZATION_LEVEL = 0;
				GCC_PREPROCESSOR_DEFINITIONS = (
					"DEBUG=1",
					"$(inherited)",
				);
				GCC_WARN_64_TO_32_BIT_CONVERSION = YES;
				GCC_WARN_ABOUT_RETURN_TYPE = YES_ERROR;
				GCC_WARN_UNDECLARED_SELECTOR = YES;
				GCC_WARN_UNINITIALIZED_AUTOS = YES_AGGRESSIVE;
				GCC_WARN_UNUSED_FUNCTION = YES;
				GCC_WARN_UNUSED_VARIABLE = YES;
				IPHONEOS_DEPLOYMENT_TARGET = 15.5;
				MTL_ENABLE_DEBUG_INFO = INCLUDE_SOURCE;
				MTL_FAST_MATH = YES;
				ONLY_ACTIVE_ARCH = YES;
				SDKROOT = iphoneos;
				SWIFT_ACTIVE_COMPILATION_CONDITIONS = DEBUG;
				SWIFT_OPTIMIZATION_LEVEL = "-Onone";
			};
			name = Debug;
		};
		D420FD5B28463B75005AECB7 /* Release */ = {
			isa = XCBuildConfiguration;
			buildSettings = {
				ALWAYS_SEARCH_USER_PATHS = NO;
				CLANG_ANALYZER_NONNULL = YES;
				CLANG_ANALYZER_NUMBER_OBJECT_CONVERSION = YES_AGGRESSIVE;
				CLANG_CXX_LANGUAGE_STANDARD = "gnu++17";
				CLANG_ENABLE_MODULES = YES;
				CLANG_ENABLE_OBJC_ARC = YES;
				CLANG_ENABLE_OBJC_WEAK = YES;
				CLANG_WARN_BLOCK_CAPTURE_AUTORELEASING = YES;
				CLANG_WARN_BOOL_CONVERSION = YES;
				CLANG_WARN_COMMA = YES;
				CLANG_WARN_CONSTANT_CONVERSION = YES;
				CLANG_WARN_DEPRECATED_OBJC_IMPLEMENTATIONS = YES;
				CLANG_WARN_DIRECT_OBJC_ISA_USAGE = YES_ERROR;
				CLANG_WARN_DOCUMENTATION_COMMENTS = YES;
				CLANG_WARN_EMPTY_BODY = YES;
				CLANG_WARN_ENUM_CONVERSION = YES;
				CLANG_WARN_INFINITE_RECURSION = YES;
				CLANG_WARN_INT_CONVERSION = YES;
				CLANG_WARN_NON_LITERAL_NULL_CONVERSION = YES;
				CLANG_WARN_OBJC_IMPLICIT_RETAIN_SELF = YES;
				CLANG_WARN_OBJC_LITERAL_CONVERSION = YES;
				CLANG_WARN_OBJC_ROOT_CLASS = YES_ERROR;
				CLANG_WARN_QUOTED_INCLUDE_IN_FRAMEWORK_HEADER = YES;
				CLANG_WARN_RANGE_LOOP_ANALYSIS = YES;
				CLANG_WARN_STRICT_PROTOTYPES = YES;
				CLANG_WARN_SUSPICIOUS_MOVE = YES;
				CLANG_WARN_UNGUARDED_AVAILABILITY = YES_AGGRESSIVE;
				CLANG_WARN_UNREACHABLE_CODE = YES;
				CLANG_WARN__DUPLICATE_METHOD_MATCH = YES;
				COPY_PHASE_STRIP = NO;
				DEBUG_INFORMATION_FORMAT = "dwarf-with-dsym";
				ENABLE_NS_ASSERTIONS = NO;
				ENABLE_STRICT_OBJC_MSGSEND = YES;
				GCC_C_LANGUAGE_STANDARD = gnu11;
				GCC_NO_COMMON_BLOCKS = YES;
				GCC_WARN_64_TO_32_BIT_CONVERSION = YES;
				GCC_WARN_ABOUT_RETURN_TYPE = YES_ERROR;
				GCC_WARN_UNDECLARED_SELECTOR = YES;
				GCC_WARN_UNINITIALIZED_AUTOS = YES_AGGRESSIVE;
				GCC_WARN_UNUSED_FUNCTION = YES;
				GCC_WARN_UNUSED_VARIABLE = YES;
				IPHONEOS_DEPLOYMENT_TARGET = 15.5;
				MTL_ENABLE_DEBUG_INFO = NO;
				MTL_FAST_MATH = YES;
				SDKROOT = iphoneos;
				SWIFT_COMPILATION_MODE = wholemodule;
				SWIFT_OPTIMIZATION_LEVEL = "-O";
				VALIDATE_PRODUCT = YES;
			};
			name = Release;
		};
		D420FD5D28463B75005AECB7 /* Debug */ = {
			isa = XCBuildConfiguration;
			baseConfigurationReference = CE446F69DAB0B92BCEC81D89 /* Pods-BankApp.debug.xcconfig */;
			buildSettings = {
				ASSETCATALOG_COMPILER_APPICON_NAME = AppIcon;
				ASSETCATALOG_COMPILER_GLOBAL_ACCENT_COLOR_NAME = AccentColor;
				CODE_SIGN_STYLE = Automatic;
				CURRENT_PROJECT_VERSION = 1;
				DEVELOPMENT_TEAM = UPG6YRJUMF;
				GENERATE_INFOPLIST_FILE = YES;
				INFOPLIST_FILE = BankApp/Info.plist;
				INFOPLIST_KEY_UIApplicationSupportsIndirectInputEvents = YES;
				INFOPLIST_KEY_UILaunchStoryboardName = LaunchScreen;
				INFOPLIST_KEY_UIMainStoryboardFile = Main;
				INFOPLIST_KEY_UISupportedInterfaceOrientations_iPad = "UIInterfaceOrientationPortrait UIInterfaceOrientationPortraitUpsideDown UIInterfaceOrientationLandscapeLeft UIInterfaceOrientationLandscapeRight";
				INFOPLIST_KEY_UISupportedInterfaceOrientations_iPhone = "UIInterfaceOrientationPortrait UIInterfaceOrientationLandscapeLeft UIInterfaceOrientationLandscapeRight";
				LD_RUNPATH_SEARCH_PATHS = (
					"$(inherited)",
					"@executable_path/Frameworks",
				);
				MARKETING_VERSION = 1.0;
				PRODUCT_BUNDLE_IDENTIFIER = Alexey.Zhuravlev.BankApp;
				PRODUCT_NAME = "$(TARGET_NAME)";
				SWIFT_EMIT_LOC_STRINGS = YES;
				SWIFT_VERSION = 5.0;
				TARGETED_DEVICE_FAMILY = "1,2";
			};
			name = Debug;
		};
		D420FD5E28463B75005AECB7 /* Release */ = {
			isa = XCBuildConfiguration;
			baseConfigurationReference = D3BCD8606E70A0AC01E0AC0B /* Pods-BankApp.release.xcconfig */;
			buildSettings = {
				ASSETCATALOG_COMPILER_APPICON_NAME = AppIcon;
				ASSETCATALOG_COMPILER_GLOBAL_ACCENT_COLOR_NAME = AccentColor;
				CODE_SIGN_STYLE = Automatic;
				CURRENT_PROJECT_VERSION = 1;
				DEVELOPMENT_TEAM = UPG6YRJUMF;
				GENERATE_INFOPLIST_FILE = YES;
				INFOPLIST_FILE = BankApp/Info.plist;
				INFOPLIST_KEY_UIApplicationSupportsIndirectInputEvents = YES;
				INFOPLIST_KEY_UILaunchStoryboardName = LaunchScreen;
				INFOPLIST_KEY_UIMainStoryboardFile = Main;
				INFOPLIST_KEY_UISupportedInterfaceOrientations_iPad = "UIInterfaceOrientationPortrait UIInterfaceOrientationPortraitUpsideDown UIInterfaceOrientationLandscapeLeft UIInterfaceOrientationLandscapeRight";
				INFOPLIST_KEY_UISupportedInterfaceOrientations_iPhone = "UIInterfaceOrientationPortrait UIInterfaceOrientationLandscapeLeft UIInterfaceOrientationLandscapeRight";
				LD_RUNPATH_SEARCH_PATHS = (
					"$(inherited)",
					"@executable_path/Frameworks",
				);
				MARKETING_VERSION = 1.0;
				PRODUCT_BUNDLE_IDENTIFIER = Alexey.Zhuravlev.BankApp;
				PRODUCT_NAME = "$(TARGET_NAME)";
				SWIFT_EMIT_LOC_STRINGS = YES;
				SWIFT_VERSION = 5.0;
				TARGETED_DEVICE_FAMILY = "1,2";
			};
			name = Release;
		};
/* End XCBuildConfiguration section */

/* Begin XCConfigurationList section */
		D420FD4328463B75005AECB7 /* Build configuration list for PBXProject "BankApp" */ = {
			isa = XCConfigurationList;
			buildConfigurations = (
				D420FD5A28463B75005AECB7 /* Debug */,
				D420FD5B28463B75005AECB7 /* Release */,
			);
			defaultConfigurationIsVisible = 0;
			defaultConfigurationName = Release;
		};
		D420FD5C28463B75005AECB7 /* Build configuration list for PBXNativeTarget "BankApp" */ = {
			isa = XCConfigurationList;
			buildConfigurations = (
				D420FD5D28463B75005AECB7 /* Debug */,
				D420FD5E28463B75005AECB7 /* Release */,
			);
			defaultConfigurationIsVisible = 0;
			defaultConfigurationName = Release;
		};
/* End XCConfigurationList section */
	};
	rootObject = D420FD4028463B75005AECB7 /* Project object */;
}
