// !$*UTF8*$!
{
	archiveVersion = 1;
	classes = {
	};
	objectVersion = 56;
	objects = {

/* Begin PBXBuildFile section */
		D4B7DF3928FDA87E00C23C3E /* AppDelegate.swift in Sources */ = {isa = PBXBuildFile; fileRef = D4B7DF3828FDA87E00C23C3E /* AppDelegate.swift */; };
		D4B7DF3B28FDA87E00C23C3E /* SceneDelegate.swift in Sources */ = {isa = PBXBuildFile; fileRef = D4B7DF3A28FDA87E00C23C3E /* SceneDelegate.swift */; };
		D4B7DF3D28FDA87E00C23C3E /* MainViewController.swift in Sources */ = {isa = PBXBuildFile; fileRef = D4B7DF3C28FDA87E00C23C3E /* MainViewController.swift */; };
		D4B7DF4028FDA87E00C23C3E /* Main.storyboard in Resources */ = {isa = PBXBuildFile; fileRef = D4B7DF3E28FDA87E00C23C3E /* Main.storyboard */; };
		D4B7DF4228FDA88000C23C3E /* Assets.xcassets in Resources */ = {isa = PBXBuildFile; fileRef = D4B7DF4128FDA88000C23C3E /* Assets.xcassets */; };
		D4B7DF4528FDA88000C23C3E /* LaunchScreen.storyboard in Resources */ = {isa = PBXBuildFile; fileRef = D4B7DF4328FDA88000C23C3E /* LaunchScreen.storyboard */; };
		D4B7DF4E28FDAA4500C23C3E /* DetailFilmViewController.swift in Sources */ = {isa = PBXBuildFile; fileRef = D4B7DF4D28FDAA4500C23C3E /* DetailFilmViewController.swift */; };
		D4B7DF5028FDAA6000C23C3E /* FilmPicsViewController.swift in Sources */ = {isa = PBXBuildFile; fileRef = D4B7DF4F28FDAA6000C23C3E /* FilmPicsViewController.swift */; };
		D4B7DF5228FDAA7700C23C3E /* FullPicViewController.swift in Sources */ = {isa = PBXBuildFile; fileRef = D4B7DF5128FDAA7700C23C3E /* FullPicViewController.swift */; };
		D4B7DF5428FDAA8900C23C3E /* FavoriteFilmsViewController.swift in Sources */ = {isa = PBXBuildFile; fileRef = D4B7DF5328FDAA8900C23C3E /* FavoriteFilmsViewController.swift */; };
		D4B7DF5828FDAB4400C23C3E /* JSONModel.swift in Sources */ = {isa = PBXBuildFile; fileRef = D4B7DF5728FDAB4400C23C3E /* JSONModel.swift */; };
		D4B7DFCF2906E55600C23C3E /* FilmCollectionViewCell.swift in Sources */ = {isa = PBXBuildFile; fileRef = D4B7DFCE2906E55600C23C3E /* FilmCollectionViewCell.swift */; };
		D4B7DFD12906E78800C23C3E /* TestModel.swift in Sources */ = {isa = PBXBuildFile; fileRef = D4B7DFD02906E78800C23C3E /* TestModel.swift */; };
/* End PBXBuildFile section */

/* Begin PBXFileReference section */
		D4644A852906F2CB0060D551 /* README.md */ = {isa = PBXFileReference; lastKnownFileType = net.daringfireball.markdown; path = README.md; sourceTree = "<group>"; };
		D4B7DF3528FDA87E00C23C3E /* FilmsApp.app */ = {isa = PBXFileReference; explicitFileType = wrapper.application; includeInIndex = 0; path = FilmsApp.app; sourceTree = BUILT_PRODUCTS_DIR; };
		D4B7DF3828FDA87E00C23C3E /* AppDelegate.swift */ = {isa = PBXFileReference; lastKnownFileType = sourcecode.swift; path = AppDelegate.swift; sourceTree = "<group>"; };
		D4B7DF3A28FDA87E00C23C3E /* SceneDelegate.swift */ = {isa = PBXFileReference; lastKnownFileType = sourcecode.swift; path = SceneDelegate.swift; sourceTree = "<group>"; };
		D4B7DF3C28FDA87E00C23C3E /* MainViewController.swift */ = {isa = PBXFileReference; lastKnownFileType = sourcecode.swift; path = MainViewController.swift; sourceTree = "<group>"; };
		D4B7DF3F28FDA87E00C23C3E /* Base */ = {isa = PBXFileReference; lastKnownFileType = file.storyboard; name = Base; path = Base.lproj/Main.storyboard; sourceTree = "<group>"; };
		D4B7DF4128FDA88000C23C3E /* Assets.xcassets */ = {isa = PBXFileReference; lastKnownFileType = folder.assetcatalog; path = Assets.xcassets; sourceTree = "<group>"; };
		D4B7DF4428FDA88000C23C3E /* Base */ = {isa = PBXFileReference; lastKnownFileType = file.storyboard; name = Base; path = Base.lproj/LaunchScreen.storyboard; sourceTree = "<group>"; };
		D4B7DF4628FDA88000C23C3E /* Info.plist */ = {isa = PBXFileReference; lastKnownFileType = text.plist.xml; path = Info.plist; sourceTree = "<group>"; };
		D4B7DF4D28FDAA4500C23C3E /* DetailFilmViewController.swift */ = {isa = PBXFileReference; lastKnownFileType = sourcecode.swift; path = DetailFilmViewController.swift; sourceTree = "<group>"; };
		D4B7DF4F28FDAA6000C23C3E /* FilmPicsViewController.swift */ = {isa = PBXFileReference; lastKnownFileType = sourcecode.swift; path = FilmPicsViewController.swift; sourceTree = "<group>"; };
		D4B7DF5128FDAA7700C23C3E /* FullPicViewController.swift */ = {isa = PBXFileReference; lastKnownFileType = sourcecode.swift; path = FullPicViewController.swift; sourceTree = "<group>"; };
		D4B7DF5328FDAA8900C23C3E /* FavoriteFilmsViewController.swift */ = {isa = PBXFileReference; lastKnownFileType = sourcecode.swift; path = FavoriteFilmsViewController.swift; sourceTree = "<group>"; };
		D4B7DF5728FDAB4400C23C3E /* JSONModel.swift */ = {isa = PBXFileReference; lastKnownFileType = sourcecode.swift; path = JSONModel.swift; sourceTree = "<group>"; };
		D4B7DFCE2906E55600C23C3E /* FilmCollectionViewCell.swift */ = {isa = PBXFileReference; lastKnownFileType = sourcecode.swift; path = FilmCollectionViewCell.swift; sourceTree = "<group>"; };
		D4B7DFD02906E78800C23C3E /* TestModel.swift */ = {isa = PBXFileReference; lastKnownFileType = sourcecode.swift; path = TestModel.swift; sourceTree = "<group>"; };
/* End PBXFileReference section */

/* Begin PBXFrameworksBuildPhase section */
		D4B7DF3228FDA87E00C23C3E /* Frameworks */ = {
			isa = PBXFrameworksBuildPhase;
			buildActionMask = 2147483647;
			files = (
			);
			runOnlyForDeploymentPostprocessing = 0;
		};
/* End PBXFrameworksBuildPhase section */

/* Begin PBXGroup section */
		D4B7DF2C28FDA87E00C23C3E = {
			isa = PBXGroup;
			children = (
				D4644A852906F2CB0060D551 /* README.md */,
				D4B7DF3728FDA87E00C23C3E /* FilmsApp */,
				D4B7DF3628FDA87E00C23C3E /* Products */,
			);
			sourceTree = "<group>";
		};
		D4B7DF3628FDA87E00C23C3E /* Products */ = {
			isa = PBXGroup;
			children = (
				D4B7DF3528FDA87E00C23C3E /* FilmsApp.app */,
			);
			name = Products;
			sourceTree = "<group>";
		};
		D4B7DF3728FDA87E00C23C3E /* FilmsApp */ = {
			isa = PBXGroup;
			children = (
				D4B7DFCD2906E53800C23C3E /* Cells */,
				D4B7DF5528FDAB1A00C23C3E /* Data */,
				D4B7DF4C28FDAA0E00C23C3E /* ViewControllers */,
				D4B7DF3828FDA87E00C23C3E /* AppDelegate.swift */,
				D4B7DF3A28FDA87E00C23C3E /* SceneDelegate.swift */,
				D4B7DF3E28FDA87E00C23C3E /* Main.storyboard */,
				D4B7DF4128FDA88000C23C3E /* Assets.xcassets */,
				D4B7DF4328FDA88000C23C3E /* LaunchScreen.storyboard */,
				D4B7DF4628FDA88000C23C3E /* Info.plist */,
			);
			path = FilmsApp;
			sourceTree = "<group>";
		};
		D4B7DF4C28FDAA0E00C23C3E /* ViewControllers */ = {
			isa = PBXGroup;
			children = (
				D4B7DF3C28FDA87E00C23C3E /* MainViewController.swift */,
				D4B7DF4D28FDAA4500C23C3E /* DetailFilmViewController.swift */,
				D4B7DF4F28FDAA6000C23C3E /* FilmPicsViewController.swift */,
				D4B7DF5128FDAA7700C23C3E /* FullPicViewController.swift */,
				D4B7DF5328FDAA8900C23C3E /* FavoriteFilmsViewController.swift */,
			);
			path = ViewControllers;
			sourceTree = "<group>";
		};
		D4B7DF5528FDAB1A00C23C3E /* Data */ = {
			isa = PBXGroup;
			children = (
				D4B7DF5728FDAB4400C23C3E /* JSONModel.swift */,
				D4B7DFD02906E78800C23C3E /* TestModel.swift */,
			);
			path = Data;
			sourceTree = "<group>";
		};
		D4B7DFCD2906E53800C23C3E /* Cells */ = {
			isa = PBXGroup;
			children = (
				D4B7DFCE2906E55600C23C3E /* FilmCollectionViewCell.swift */,
			);
			path = Cells;
			sourceTree = "<group>";
		};
/* End PBXGroup section */

/* Begin PBXNativeTarget section */
		D4B7DF3428FDA87E00C23C3E /* FilmsApp */ = {
			isa = PBXNativeTarget;
			buildConfigurationList = D4B7DF4928FDA88000C23C3E /* Build configuration list for PBXNativeTarget "FilmsApp" */;
			buildPhases = (
				D4B7DF3128FDA87E00C23C3E /* Sources */,
				D4B7DF3228FDA87E00C23C3E /* Frameworks */,
				D4B7DF3328FDA87E00C23C3E /* Resources */,
			);
			buildRules = (
			);
			dependencies = (
			);
			name = FilmsApp;
			productName = FilmsApp;
			productReference = D4B7DF3528FDA87E00C23C3E /* FilmsApp.app */;
			productType = "com.apple.product-type.application";
		};
/* End PBXNativeTarget section */

/* Begin PBXProject section */
		D4B7DF2D28FDA87E00C23C3E /* Project object */ = {
			isa = PBXProject;
			attributes = {
				BuildIndependentTargetsInParallel = 1;
				LastSwiftUpdateCheck = 1400;
				LastUpgradeCheck = 1400;
				TargetAttributes = {
					D4B7DF3428FDA87E00C23C3E = {
						CreatedOnToolsVersion = 14.0.1;
					};
				};
			};
			buildConfigurationList = D4B7DF3028FDA87E00C23C3E /* Build configuration list for PBXProject "FilmsApp" */;
			compatibilityVersion = "Xcode 14.0";
			developmentRegion = en;
			hasScannedForEncodings = 0;
			knownRegions = (
				en,
				Base,
			);
			mainGroup = D4B7DF2C28FDA87E00C23C3E;
			productRefGroup = D4B7DF3628FDA87E00C23C3E /* Products */;
			projectDirPath = "";
			projectRoot = "";
			targets = (
				D4B7DF3428FDA87E00C23C3E /* FilmsApp */,
			);
		};
/* End PBXProject section */

/* Begin PBXResourcesBuildPhase section */
		D4B7DF3328FDA87E00C23C3E /* Resources */ = {
			isa = PBXResourcesBuildPhase;
			buildActionMask = 2147483647;
			files = (
				D4B7DF4528FDA88000C23C3E /* LaunchScreen.storyboard in Resources */,
				D4B7DF4228FDA88000C23C3E /* Assets.xcassets in Resources */,
				D4B7DF4028FDA87E00C23C3E /* Main.storyboard in Resources */,
			);
			runOnlyForDeploymentPostprocessing = 0;
		};
/* End PBXResourcesBuildPhase section */

/* Begin PBXSourcesBuildPhase section */
		D4B7DF3128FDA87E00C23C3E /* Sources */ = {
			isa = PBXSourcesBuildPhase;
			buildActionMask = 2147483647;
			files = (
				D4B7DF5428FDAA8900C23C3E /* FavoriteFilmsViewController.swift in Sources */,
				D4B7DF5228FDAA7700C23C3E /* FullPicViewController.swift in Sources */,
				D4B7DF3D28FDA87E00C23C3E /* MainViewController.swift in Sources */,
				D4B7DF3928FDA87E00C23C3E /* AppDelegate.swift in Sources */,
				D4B7DF3B28FDA87E00C23C3E /* SceneDelegate.swift in Sources */,
				D4B7DF5828FDAB4400C23C3E /* JSONModel.swift in Sources */,
				D4B7DFCF2906E55600C23C3E /* FilmCollectionViewCell.swift in Sources */,
				D4B7DFD12906E78800C23C3E /* TestModel.swift in Sources */,
				D4B7DF5028FDAA6000C23C3E /* FilmPicsViewController.swift in Sources */,
				D4B7DF4E28FDAA4500C23C3E /* DetailFilmViewController.swift in Sources */,
			);
			runOnlyForDeploymentPostprocessing = 0;
		};
/* End PBXSourcesBuildPhase section */

/* Begin PBXVariantGroup section */
		D4B7DF3E28FDA87E00C23C3E /* Main.storyboard */ = {
			isa = PBXVariantGroup;
			children = (
				D4B7DF3F28FDA87E00C23C3E /* Base */,
			);
			name = Main.storyboard;
			sourceTree = "<group>";
		};
		D4B7DF4328FDA88000C23C3E /* LaunchScreen.storyboard */ = {
			isa = PBXVariantGroup;
			children = (
				D4B7DF4428FDA88000C23C3E /* Base */,
			);
			name = LaunchScreen.storyboard;
			sourceTree = "<group>";
		};
/* End PBXVariantGroup section */

/* Begin XCBuildConfiguration section */
		D4B7DF4728FDA88000C23C3E /* Debug */ = {
			isa = XCBuildConfiguration;
			buildSettings = {
				ALWAYS_SEARCH_USER_PATHS = NO;
				CLANG_ANALYZER_NONNULL = YES;
				CLANG_ANALYZER_NUMBER_OBJECT_CONVERSION = YES_AGGRESSIVE;
				CLANG_CXX_LANGUAGE_STANDARD = "gnu++20";
				CLANG_ENABLE_MODULES = YES;
				CLANG_ENABLE_OBJC_ARC = YES;
				CLANG_ENABLE_OBJC_WEAK = YES;
				CLANG_WARN_BLOCK_CAPTURE_AUTORELEASING = YES;
				CLANG_WARN_BOOL_CONVERSION = YES;
				CLANG_WARN_COMMA = YES;
				CLANG_WARN_CONSTANT_CONVERSION = YES;
				CLANG_WARN_DEPRECATED_OBJC_IMPLEMENTATIONS = YES;
				CLANG_WARN_DIRECT_OBJC_ISA_USAGE = YES_ERROR;
				CLANG_WARN_DOCUMENTATION_COMMENTS = YES;
				CLANG_WARN_EMPTY_BODY = YES;
				CLANG_WARN_ENUM_CONVERSION = YES;
				CLANG_WARN_INFINITE_RECURSION = YES;
				CLANG_WARN_INT_CONVERSION = YES;
				CLANG_WARN_NON_LITERAL_NULL_CONVERSION = YES;
				CLANG_WARN_OBJC_IMPLICIT_RETAIN_SELF = YES;
				CLANG_WARN_OBJC_LITERAL_CONVERSION = YES;
				CLANG_WARN_OBJC_ROOT_CLASS = YES_ERROR;
				CLANG_WARN_QUOTED_INCLUDE_IN_FRAMEWORK_HEADER = YES;
				CLANG_WARN_RANGE_LOOP_ANALYSIS = YES;
				CLANG_WARN_STRICT_PROTOTYPES = YES;
				CLANG_WARN_SUSPICIOUS_MOVE = YES;
				CLANG_WARN_UNGUARDED_AVAILABILITY = YES_AGGRESSIVE;
				CLANG_WARN_UNREACHABLE_CODE = YES;
				CLANG_WARN__DUPLICATE_METHOD_MATCH = YES;
				COPY_PHASE_STRIP = NO;
				DEBUG_INFORMATION_FORMAT = dwarf;
				ENABLE_STRICT_OBJC_MSGSEND = YES;
				ENABLE_TESTABILITY = YES;
				GCC_C_LANGUAGE_STANDARD = gnu11;
				GCC_DYNAMIC_NO_PIC = NO;
				GCC_NO_COMMON_BLOCKS = YES;
				GCC_OPTIMIZATION_LEVEL = 0;
				GCC_PREPROCESSOR_DEFINITIONS = (
					"DEBUG=1",
					"$(inherited)",
				);
				GCC_WARN_64_TO_32_BIT_CONVERSION = YES;
				GCC_WARN_ABOUT_RETURN_TYPE = YES_ERROR;
				GCC_WARN_UNDECLARED_SELECTOR = YES;
				GCC_WARN_UNINITIALIZED_AUTOS = YES_AGGRESSIVE;
				GCC_WARN_UNUSED_FUNCTION = YES;
				GCC_WARN_UNUSED_VARIABLE = YES;
				IPHONEOS_DEPLOYMENT_TARGET = 16.0;
				MTL_ENABLE_DEBUG_INFO = INCLUDE_SOURCE;
				MTL_FAST_MATH = YES;
				ONLY_ACTIVE_ARCH = YES;
				SDKROOT = iphoneos;
				SWIFT_ACTIVE_COMPILATION_CONDITIONS = DEBUG;
				SWIFT_OPTIMIZATION_LEVEL = "-Onone";
			};
			name = Debug;
		};
		D4B7DF4828FDA88000C23C3E /* Release */ = {
			isa = XCBuildConfiguration;
			buildSettings = {
				ALWAYS_SEARCH_USER_PATHS = NO;
				CLANG_ANALYZER_NONNULL = YES;
				CLANG_ANALYZER_NUMBER_OBJECT_CONVERSION = YES_AGGRESSIVE;
				CLANG_CXX_LANGUAGE_STANDARD = "gnu++20";
				CLANG_ENABLE_MODULES = YES;
				CLANG_ENABLE_OBJC_ARC = YES;
				CLANG_ENABLE_OBJC_WEAK = YES;
				CLANG_WARN_BLOCK_CAPTURE_AUTORELEASING = YES;
				CLANG_WARN_BOOL_CONVERSION = YES;
				CLANG_WARN_COMMA = YES;
				CLANG_WARN_CONSTANT_CONVERSION = YES;
				CLANG_WARN_DEPRECATED_OBJC_IMPLEMENTATIONS = YES;
				CLANG_WARN_DIRECT_OBJC_ISA_USAGE = YES_ERROR;
				CLANG_WARN_DOCUMENTATION_COMMENTS = YES;
				CLANG_WARN_EMPTY_BODY = YES;
				CLANG_WARN_ENUM_CONVERSION = YES;
				CLANG_WARN_INFINITE_RECURSION = YES;
				CLANG_WARN_INT_CONVERSION = YES;
				CLANG_WARN_NON_LITERAL_NULL_CONVERSION = YES;
				CLANG_WARN_OBJC_IMPLICIT_RETAIN_SELF = YES;
				CLANG_WARN_OBJC_LITERAL_CONVERSION = YES;
				CLANG_WARN_OBJC_ROOT_CLASS = YES_ERROR;
				CLANG_WARN_QUOTED_INCLUDE_IN_FRAMEWORK_HEADER = YES;
				CLANG_WARN_RANGE_LOOP_ANALYSIS = YES;
				CLANG_WARN_STRICT_PROTOTYPES = YES;
				CLANG_WARN_SUSPICIOUS_MOVE = YES;
				CLANG_WARN_UNGUARDED_AVAILABILITY = YES_AGGRESSIVE;
				CLANG_WARN_UNREACHABLE_CODE = YES;
				CLANG_WARN__DUPLICATE_METHOD_MATCH = YES;
				COPY_PHASE_STRIP = NO;
				DEBUG_INFORMATION_FORMAT = "dwarf-with-dsym";
				ENABLE_NS_ASSERTIONS = NO;
				ENABLE_STRICT_OBJC_MSGSEND = YES;
				GCC_C_LANGUAGE_STANDARD = gnu11;
				GCC_NO_COMMON_BLOCKS = YES;
				GCC_WARN_64_TO_32_BIT_CONVERSION = YES;
				GCC_WARN_ABOUT_RETURN_TYPE = YES_ERROR;
				GCC_WARN_UNDECLARED_SELECTOR = YES;
				GCC_WARN_UNINITIALIZED_AUTOS = YES_AGGRESSIVE;
				GCC_WARN_UNUSED_FUNCTION = YES;
				GCC_WARN_UNUSED_VARIABLE = YES;
				IPHONEOS_DEPLOYMENT_TARGET = 16.0;
				MTL_ENABLE_DEBUG_INFO = NO;
				MTL_FAST_MATH = YES;
				SDKROOT = iphoneos;
				SWIFT_COMPILATION_MODE = wholemodule;
				SWIFT_OPTIMIZATION_LEVEL = "-O";
				VALIDATE_PRODUCT = YES;
			};
			name = Release;
		};
		D4B7DF4A28FDA88000C23C3E /* Debug */ = {
			isa = XCBuildConfiguration;
			buildSettings = {
				ASSETCATALOG_COMPILER_APPICON_NAME = AppIcon;
				ASSETCATALOG_COMPILER_GLOBAL_ACCENT_COLOR_NAME = AccentColor;
				CODE_SIGN_STYLE = Automatic;
				CURRENT_PROJECT_VERSION = 1;
				DEVELOPMENT_TEAM = UPG6YRJUMF;
				GENERATE_INFOPLIST_FILE = YES;
				INFOPLIST_FILE = FilmsApp/Info.plist;
				INFOPLIST_KEY_UIApplicationSupportsIndirectInputEvents = YES;
				INFOPLIST_KEY_UILaunchStoryboardName = LaunchScreen;
				INFOPLIST_KEY_UIMainStoryboardFile = Main;
				INFOPLIST_KEY_UISupportedInterfaceOrientations = UIInterfaceOrientationPortrait;
				INFOPLIST_KEY_UISupportedInterfaceOrientations_iPad = UIInterfaceOrientationLandscapeRight;
				LD_RUNPATH_SEARCH_PATHS = (
					"$(inherited)",
					"@executable_path/Frameworks",
				);
				MARKETING_VERSION = 1.0;
				PRODUCT_BUNDLE_IDENTIFIER = Alexey.Zhuravlev.FilmsApp;
				PRODUCT_NAME = "$(TARGET_NAME)";
				SWIFT_EMIT_LOC_STRINGS = YES;
				SWIFT_VERSION = 5.0;
				TARGETED_DEVICE_FAMILY = "1,2";
			};
			name = Debug;
		};
		D4B7DF4B28FDA88000C23C3E /* Release */ = {
			isa = XCBuildConfiguration;
			buildSettings = {
				ASSETCATALOG_COMPILER_APPICON_NAME = AppIcon;
				ASSETCATALOG_COMPILER_GLOBAL_ACCENT_COLOR_NAME = AccentColor;
				CODE_SIGN_STYLE = Automatic;
				CURRENT_PROJECT_VERSION = 1;
				DEVELOPMENT_TEAM = UPG6YRJUMF;
				GENERATE_INFOPLIST_FILE = YES;
				INFOPLIST_FILE = FilmsApp/Info.plist;
				INFOPLIST_KEY_UIApplicationSupportsIndirectInputEvents = YES;
				INFOPLIST_KEY_UILaunchStoryboardName = LaunchScreen;
				INFOPLIST_KEY_UIMainStoryboardFile = Main;
				INFOPLIST_KEY_UISupportedInterfaceOrientations = UIInterfaceOrientationPortrait;
				INFOPLIST_KEY_UISupportedInterfaceOrientations_iPad = UIInterfaceOrientationLandscapeRight;
				LD_RUNPATH_SEARCH_PATHS = (
					"$(inherited)",
					"@executable_path/Frameworks",
				);
				MARKETING_VERSION = 1.0;
				PRODUCT_BUNDLE_IDENTIFIER = Alexey.Zhuravlev.FilmsApp;
				PRODUCT_NAME = "$(TARGET_NAME)";
				SWIFT_EMIT_LOC_STRINGS = YES;
				SWIFT_VERSION = 5.0;
				TARGETED_DEVICE_FAMILY = "1,2";
			};
			name = Release;
		};
/* End XCBuildConfiguration section */

/* Begin XCConfigurationList section */
		D4B7DF3028FDA87E00C23C3E /* Build configuration list for PBXProject "FilmsApp" */ = {
			isa = XCConfigurationList;
			buildConfigurations = (
				D4B7DF4728FDA88000C23C3E /* Debug */,
				D4B7DF4828FDA88000C23C3E /* Release */,
			);
			defaultConfigurationIsVisible = 0;
			defaultConfigurationName = Release;
		};
		D4B7DF4928FDA88000C23C3E /* Build configuration list for PBXNativeTarget "FilmsApp" */ = {
			isa = XCConfigurationList;
			buildConfigurations = (
				D4B7DF4A28FDA88000C23C3E /* Debug */,
				D4B7DF4B28FDA88000C23C3E /* Release */,
			);
			defaultConfigurationIsVisible = 0;
			defaultConfigurationName = Release;
		};
/* End XCConfigurationList section */
	};
	rootObject = D4B7DF2D28FDA87E00C23C3E /* Project object */;
}
