// !$*UTF8*$!
{
	archiveVersion = 1;
	classes = {
	};
	objectVersion = 56;
	objects = {

/* Begin PBXBuildFile section */
		D41912AE29101CDF00AB55C4 /* FilmCollectionViewCell.xib in Resources */ = {isa = PBXBuildFile; fileRef = D41912AD29101CDF00AB55C4 /* FilmCollectionViewCell.xib */; };
		D41A26F72965D63000476BF1 /* StorageForBackdrops.swift in Sources */ = {isa = PBXBuildFile; fileRef = D41A26F62965D63000476BF1 /* StorageForBackdrops.swift */; };
		D42FF598292BCE0B00B2DD8C /* Model.swift in Sources */ = {isa = PBXBuildFile; fileRef = D42FF597292BCE0B00B2DD8C /* Model.swift */; };
		D43A2724292CDF0900E1074E /* FavoriteFilmCollectionViewCell.xib in Resources */ = {isa = PBXBuildFile; fileRef = D43A2723292CDF0900E1074E /* FavoriteFilmCollectionViewCell.xib */; };
		D43A2726292CE11E00E1074E /* FavoriteFilmCollectionViewCell.swift in Sources */ = {isa = PBXBuildFile; fileRef = D43A2725292CE11E00E1074E /* FavoriteFilmCollectionViewCell.swift */; };
		D43E7CD5291D6523004453D9 /* PosterFullViewController.swift in Sources */ = {isa = PBXBuildFile; fileRef = D43E7CD4291D6523004453D9 /* PosterFullViewController.swift */; };
		D43E7CD7291E1F33004453D9 /* CustomDetailFilmViewController.swift in Sources */ = {isa = PBXBuildFile; fileRef = D43E7CD6291E1F33004453D9 /* CustomDetailFilmViewController.swift */; };
		D43E7CDA2926367D004453D9 /* RoundingTransition.swift in Sources */ = {isa = PBXBuildFile; fileRef = D43E7CD92926367D004453D9 /* RoundingTransition.swift */; };
		D46FC8C429559A66007D0600 /* JSONParsingService.swift in Sources */ = {isa = PBXBuildFile; fileRef = D46FC8C329559A66007D0600 /* JSONParsingService.swift */; };
		D46FC8C62956ECB8007D0600 /* LikedFilms.swift in Sources */ = {isa = PBXBuildFile; fileRef = D46FC8C52956ECB8007D0600 /* LikedFilms.swift */; };
		D486FD8929378226001B8B06 /* ShotsFromMovieCVC.swift in Sources */ = {isa = PBXBuildFile; fileRef = D486FD8829378226001B8B06 /* ShotsFromMovieCVC.swift */; };
		D49A72A229683B0600C2C485 /* FilmsAppTests.swift in Sources */ = {isa = PBXBuildFile; fileRef = D49A72A129683B0600C2C485 /* FilmsAppTests.swift */; };
		D49A72A92969A65E00C2C485 /* UITestForFilmsApp.swift in Sources */ = {isa = PBXBuildFile; fileRef = D49A72A82969A65E00C2C485 /* UITestForFilmsApp.swift */; };
		D49A72B12969A78C00C2C485 /* FilmsAppUITests.swift in Sources */ = {isa = PBXBuildFile; fileRef = D49A72B02969A78C00C2C485 /* FilmsAppUITests.swift */; };
		D49A72B32969A78C00C2C485 /* FilmsAppUITestsLaunchTests.swift in Sources */ = {isa = PBXBuildFile; fileRef = D49A72B22969A78C00C2C485 /* FilmsAppUITestsLaunchTests.swift */; };
		D4A1BAA52947773A00A93AB6 /* URLService.swift in Sources */ = {isa = PBXBuildFile; fileRef = D4A1BAA42947773A00A93AB6 /* URLService.swift */; };
		D4B7DF3928FDA87E00C23C3E /* AppDelegate.swift in Sources */ = {isa = PBXBuildFile; fileRef = D4B7DF3828FDA87E00C23C3E /* AppDelegate.swift */; };
		D4B7DF3B28FDA87E00C23C3E /* SceneDelegate.swift in Sources */ = {isa = PBXBuildFile; fileRef = D4B7DF3A28FDA87E00C23C3E /* SceneDelegate.swift */; };
		D4B7DF3D28FDA87E00C23C3E /* MainViewController.swift in Sources */ = {isa = PBXBuildFile; fileRef = D4B7DF3C28FDA87E00C23C3E /* MainViewController.swift */; };
		D4B7DF4028FDA87E00C23C3E /* Main.storyboard in Resources */ = {isa = PBXBuildFile; fileRef = D4B7DF3E28FDA87E00C23C3E /* Main.storyboard */; };
		D4B7DF4228FDA88000C23C3E /* Assets.xcassets in Resources */ = {isa = PBXBuildFile; fileRef = D4B7DF4128FDA88000C23C3E /* Assets.xcassets */; };
		D4B7DF4528FDA88000C23C3E /* LaunchScreen.storyboard in Resources */ = {isa = PBXBuildFile; fileRef = D4B7DF4328FDA88000C23C3E /* LaunchScreen.storyboard */; };
		D4B7DF4E28FDAA4500C23C3E /* DetailFilmViewController.swift in Sources */ = {isa = PBXBuildFile; fileRef = D4B7DF4D28FDAA4500C23C3E /* DetailFilmViewController.swift */; };
		D4B7DF5028FDAA6000C23C3E /* FilmPicsViewController.swift in Sources */ = {isa = PBXBuildFile; fileRef = D4B7DF4F28FDAA6000C23C3E /* FilmPicsViewController.swift */; };
		D4B7DF5228FDAA7700C23C3E /* FullPicViewController.swift in Sources */ = {isa = PBXBuildFile; fileRef = D4B7DF5128FDAA7700C23C3E /* FullPicViewController.swift */; };
		D4B7DF5428FDAA8900C23C3E /* FavoriteFilmsViewController.swift in Sources */ = {isa = PBXBuildFile; fileRef = D4B7DF5328FDAA8900C23C3E /* FavoriteFilmsViewController.swift */; };
		D4B7DF5828FDAB4400C23C3E /* JSONModel.swift in Sources */ = {isa = PBXBuildFile; fileRef = D4B7DF5728FDAB4400C23C3E /* JSONModel.swift */; };
		D4B7DFCF2906E55600C23C3E /* FilmCollectionViewCell.swift in Sources */ = {isa = PBXBuildFile; fileRef = D4B7DFCE2906E55600C23C3E /* FilmCollectionViewCell.swift */; };
		D4EB556329378ADC00EC2525 /* FilmPicsViewControllerCVC.swift in Sources */ = {isa = PBXBuildFile; fileRef = D4EB556229378ADC00EC2525 /* FilmPicsViewControllerCVC.swift */; };
		D4EB5565293796D000EC2525 /* FullPicViewControllerCVC.swift in Sources */ = {isa = PBXBuildFile; fileRef = D4EB5564293796D000EC2525 /* FullPicViewControllerCVC.swift */; };
		D4EB556829379C9E00EC2525 /* Realm in Frameworks */ = {isa = PBXBuildFile; productRef = D4EB556729379C9E00EC2525 /* Realm */; };
		D4EB556A29379C9E00EC2525 /* RealmSwift in Frameworks */ = {isa = PBXBuildFile; productRef = D4EB556929379C9E00EC2525 /* RealmSwift */; };
		D4EB556C29379D3C00EC2525 /* FilmObject.swift in Sources */ = {isa = PBXBuildFile; fileRef = D4EB556B29379D3C00EC2525 /* FilmObject.swift */; };
/* End PBXBuildFile section */

/* Begin PBXContainerItemProxy section */
		D49A72A329683B0600C2C485 /* PBXContainerItemProxy */ = {
			isa = PBXContainerItemProxy;
			containerPortal = D4B7DF2D28FDA87E00C23C3E /* Project object */;
			proxyType = 1;
			remoteGlobalIDString = D4B7DF3428FDA87E00C23C3E;
			remoteInfo = FilmsApp;
		};
		D49A72B42969A78C00C2C485 /* PBXContainerItemProxy */ = {
			isa = PBXContainerItemProxy;
			containerPortal = D4B7DF2D28FDA87E00C23C3E /* Project object */;
			proxyType = 1;
			remoteGlobalIDString = D4B7DF3428FDA87E00C23C3E;
			remoteInfo = FilmsApp;
		};
/* End PBXContainerItemProxy section */

/* Begin PBXFileReference section */
		D41912AD29101CDF00AB55C4 /* FilmCollectionViewCell.xib */ = {isa = PBXFileReference; lastKnownFileType = file.xib; path = FilmCollectionViewCell.xib; sourceTree = "<group>"; };
		D41A26F62965D63000476BF1 /* StorageForBackdrops.swift */ = {isa = PBXFileReference; lastKnownFileType = sourcecode.swift; path = StorageForBackdrops.swift; sourceTree = "<group>"; };
		D42FF597292BCE0B00B2DD8C /* Model.swift */ = {isa = PBXFileReference; lastKnownFileType = sourcecode.swift; path = Model.swift; sourceTree = "<group>"; };
		D43A2723292CDF0900E1074E /* FavoriteFilmCollectionViewCell.xib */ = {isa = PBXFileReference; lastKnownFileType = file.xib; path = FavoriteFilmCollectionViewCell.xib; sourceTree = "<group>"; };
		D43A2725292CE11E00E1074E /* FavoriteFilmCollectionViewCell.swift */ = {isa = PBXFileReference; lastKnownFileType = sourcecode.swift; path = FavoriteFilmCollectionViewCell.swift; sourceTree = "<group>"; };
		D43E7CD4291D6523004453D9 /* PosterFullViewController.swift */ = {isa = PBXFileReference; lastKnownFileType = sourcecode.swift; path = PosterFullViewController.swift; sourceTree = "<group>"; };
		D43E7CD6291E1F33004453D9 /* CustomDetailFilmViewController.swift */ = {isa = PBXFileReference; lastKnownFileType = sourcecode.swift; path = CustomDetailFilmViewController.swift; sourceTree = "<group>"; };
		D43E7CD92926367D004453D9 /* RoundingTransition.swift */ = {isa = PBXFileReference; lastKnownFileType = sourcecode.swift; path = RoundingTransition.swift; sourceTree = "<group>"; };
		D4644A852906F2CB0060D551 /* README.md */ = {isa = PBXFileReference; lastKnownFileType = net.daringfireball.markdown; path = README.md; sourceTree = "<group>"; };
		D46FC8C329559A66007D0600 /* JSONParsingService.swift */ = {isa = PBXFileReference; lastKnownFileType = sourcecode.swift; path = JSONParsingService.swift; sourceTree = "<group>"; };
		D46FC8C52956ECB8007D0600 /* LikedFilms.swift */ = {isa = PBXFileReference; lastKnownFileType = sourcecode.swift; path = LikedFilms.swift; sourceTree = "<group>"; };
		D486FD8829378226001B8B06 /* ShotsFromMovieCVC.swift */ = {isa = PBXFileReference; lastKnownFileType = sourcecode.swift; path = ShotsFromMovieCVC.swift; sourceTree = "<group>"; };
		D49A729F29683B0600C2C485 /* FilmsAppTests.xctest */ = {isa = PBXFileReference; explicitFileType = wrapper.cfbundle; includeInIndex = 0; path = FilmsAppTests.xctest; sourceTree = BUILT_PRODUCTS_DIR; };
		D49A72A129683B0600C2C485 /* FilmsAppTests.swift */ = {isa = PBXFileReference; lastKnownFileType = sourcecode.swift; path = FilmsAppTests.swift; sourceTree = "<group>"; };
		D49A72A82969A65E00C2C485 /* UITestForFilmsApp.swift */ = {isa = PBXFileReference; lastKnownFileType = sourcecode.swift; path = UITestForFilmsApp.swift; sourceTree = "<group>"; };
		D49A72AE2969A78C00C2C485 /* FilmsAppUITests.xctest */ = {isa = PBXFileReference; explicitFileType = wrapper.cfbundle; includeInIndex = 0; path = FilmsAppUITests.xctest; sourceTree = BUILT_PRODUCTS_DIR; };
		D49A72B02969A78C00C2C485 /* FilmsAppUITests.swift */ = {isa = PBXFileReference; lastKnownFileType = sourcecode.swift; path = FilmsAppUITests.swift; sourceTree = "<group>"; };
		D49A72B22969A78C00C2C485 /* FilmsAppUITestsLaunchTests.swift */ = {isa = PBXFileReference; lastKnownFileType = sourcecode.swift; path = FilmsAppUITestsLaunchTests.swift; sourceTree = "<group>"; };
		D4A1BAA42947773A00A93AB6 /* URLService.swift */ = {isa = PBXFileReference; lastKnownFileType = sourcecode.swift; path = URLService.swift; sourceTree = "<group>"; };
		D4B7DF3528FDA87E00C23C3E /* FilmsApp.app */ = {isa = PBXFileReference; explicitFileType = wrapper.application; includeInIndex = 0; path = FilmsApp.app; sourceTree = BUILT_PRODUCTS_DIR; };
		D4B7DF3828FDA87E00C23C3E /* AppDelegate.swift */ = {isa = PBXFileReference; lastKnownFileType = sourcecode.swift; path = AppDelegate.swift; sourceTree = "<group>"; };
		D4B7DF3A28FDA87E00C23C3E /* SceneDelegate.swift */ = {isa = PBXFileReference; lastKnownFileType = sourcecode.swift; path = SceneDelegate.swift; sourceTree = "<group>"; };
		D4B7DF3C28FDA87E00C23C3E /* MainViewController.swift */ = {isa = PBXFileReference; lastKnownFileType = sourcecode.swift; path = MainViewController.swift; sourceTree = "<group>"; };
		D4B7DF3F28FDA87E00C23C3E /* Base */ = {isa = PBXFileReference; lastKnownFileType = file.storyboard; name = Base; path = Base.lproj/Main.storyboard; sourceTree = "<group>"; };
		D4B7DF4128FDA88000C23C3E /* Assets.xcassets */ = {isa = PBXFileReference; lastKnownFileType = folder.assetcatalog; path = Assets.xcassets; sourceTree = "<group>"; };
		D4B7DF4428FDA88000C23C3E /* Base */ = {isa = PBXFileReference; lastKnownFileType = file.storyboard; name = Base; path = Base.lproj/LaunchScreen.storyboard; sourceTree = "<group>"; };
		D4B7DF4628FDA88000C23C3E /* Info.plist */ = {isa = PBXFileReference; lastKnownFileType = text.plist.xml; path = Info.plist; sourceTree = "<group>"; };
		D4B7DF4D28FDAA4500C23C3E /* DetailFilmViewController.swift */ = {isa = PBXFileReference; lastKnownFileType = sourcecode.swift; path = DetailFilmViewController.swift; sourceTree = "<group>"; };
		D4B7DF4F28FDAA6000C23C3E /* FilmPicsViewController.swift */ = {isa = PBXFileReference; lastKnownFileType = sourcecode.swift; path = FilmPicsViewController.swift; sourceTree = "<group>"; };
		D4B7DF5128FDAA7700C23C3E /* FullPicViewController.swift */ = {isa = PBXFileReference; lastKnownFileType = sourcecode.swift; path = FullPicViewController.swift; sourceTree = "<group>"; };
		D4B7DF5328FDAA8900C23C3E /* FavoriteFilmsViewController.swift */ = {isa = PBXFileReference; lastKnownFileType = sourcecode.swift; path = FavoriteFilmsViewController.swift; sourceTree = "<group>"; };
		D4B7DF5728FDAB4400C23C3E /* JSONModel.swift */ = {isa = PBXFileReference; lastKnownFileType = sourcecode.swift; path = JSONModel.swift; sourceTree = "<group>"; };
		D4B7DFCE2906E55600C23C3E /* FilmCollectionViewCell.swift */ = {isa = PBXFileReference; lastKnownFileType = sourcecode.swift; path = FilmCollectionViewCell.swift; sourceTree = "<group>"; };
		D4EB556229378ADC00EC2525 /* FilmPicsViewControllerCVC.swift */ = {isa = PBXFileReference; lastKnownFileType = sourcecode.swift; path = FilmPicsViewControllerCVC.swift; sourceTree = "<group>"; };
		D4EB5564293796D000EC2525 /* FullPicViewControllerCVC.swift */ = {isa = PBXFileReference; lastKnownFileType = sourcecode.swift; path = FullPicViewControllerCVC.swift; sourceTree = "<group>"; };
		D4EB556B29379D3C00EC2525 /* FilmObject.swift */ = {isa = PBXFileReference; lastKnownFileType = sourcecode.swift; path = FilmObject.swift; sourceTree = "<group>"; };
/* End PBXFileReference section */

/* Begin PBXFrameworksBuildPhase section */
		D49A729C29683B0600C2C485 /* Frameworks */ = {
			isa = PBXFrameworksBuildPhase;
			buildActionMask = 2147483647;
			files = (
			);
			runOnlyForDeploymentPostprocessing = 0;
		};
		D49A72AB2969A78C00C2C485 /* Frameworks */ = {
			isa = PBXFrameworksBuildPhase;
			buildActionMask = 2147483647;
			files = (
			);
			runOnlyForDeploymentPostprocessing = 0;
		};
		D4B7DF3228FDA87E00C23C3E /* Frameworks */ = {
			isa = PBXFrameworksBuildPhase;
			buildActionMask = 2147483647;
			files = (
				D4EB556A29379C9E00EC2525 /* RealmSwift in Frameworks */,
				D4EB556829379C9E00EC2525 /* Realm in Frameworks */,
			);
			runOnlyForDeploymentPostprocessing = 0;
		};
/* End PBXFrameworksBuildPhase section */

/* Begin PBXGroup section */
		D42FF593292BC7BE00B2DD8C /* Model */ = {
			isa = PBXGroup;
			children = (
				D4B7DF5728FDAB4400C23C3E /* JSONModel.swift */,
				D4B7DFCE2906E55600C23C3E /* FilmCollectionViewCell.swift */,
				D42FF597292BCE0B00B2DD8C /* Model.swift */,
				D43A2725292CE11E00E1074E /* FavoriteFilmCollectionViewCell.swift */,
				D4EB556B29379D3C00EC2525 /* FilmObject.swift */,
				D46FC8C52956ECB8007D0600 /* LikedFilms.swift */,
			);
			path = Model;
			sourceTree = "<group>";
		};
		D42FF594292BC7CF00B2DD8C /* View */ = {
			isa = PBXGroup;
			children = (
				D43E7CD92926367D004453D9 /* RoundingTransition.swift */,
				D41912AD29101CDF00AB55C4 /* FilmCollectionViewCell.xib */,
				D4B7DF3E28FDA87E00C23C3E /* Main.storyboard */,
				D43A2723292CDF0900E1074E /* FavoriteFilmCollectionViewCell.xib */,
				D486FD8829378226001B8B06 /* ShotsFromMovieCVC.swift */,
				D4EB556229378ADC00EC2525 /* FilmPicsViewControllerCVC.swift */,
				D4EB5564293796D000EC2525 /* FullPicViewControllerCVC.swift */,
			);
			path = View;
			sourceTree = "<group>";
		};
		D42FF595292BC7D700B2DD8C /* Controller */ = {
			isa = PBXGroup;
			children = (
				D4B7DF3C28FDA87E00C23C3E /* MainViewController.swift */,
				D4B7DF4D28FDAA4500C23C3E /* DetailFilmViewController.swift */,
				D4B7DF4F28FDAA6000C23C3E /* FilmPicsViewController.swift */,
				D4B7DF5128FDAA7700C23C3E /* FullPicViewController.swift */,
				D4B7DF5328FDAA8900C23C3E /* FavoriteFilmsViewController.swift */,
				D43E7CD4291D6523004453D9 /* PosterFullViewController.swift */,
				D43E7CD6291E1F33004453D9 /* CustomDetailFilmViewController.swift */,
			);
			path = Controller;
			sourceTree = "<group>";
		};
		D42FF596292BC7E200B2DD8C /* Supporting Files */ = {
			isa = PBXGroup;
			children = (
				D4B7DF3828FDA87E00C23C3E /* AppDelegate.swift */,
				D4B7DF3A28FDA87E00C23C3E /* SceneDelegate.swift */,
				D4B7DF4128FDA88000C23C3E /* Assets.xcassets */,
				D4B7DF4328FDA88000C23C3E /* LaunchScreen.storyboard */,
			);
			path = "Supporting Files";
			sourceTree = "<group>";
		};
		D49A72A029683B0600C2C485 /* FilmsAppTests */ = {
			isa = PBXGroup;
			children = (
				D49A72A82969A65E00C2C485 /* UITestForFilmsApp.swift */,
				D49A72A129683B0600C2C485 /* FilmsAppTests.swift */,
			);
			path = FilmsAppTests;
			sourceTree = "<group>";
		};
		D49A72AF2969A78C00C2C485 /* FilmsAppUITests */ = {
			isa = PBXGroup;
			children = (
				D49A72B02969A78C00C2C485 /* FilmsAppUITests.swift */,
				D49A72B22969A78C00C2C485 /* FilmsAppUITestsLaunchTests.swift */,
			);
			path = FilmsAppUITests;
			sourceTree = "<group>";
		};
		D4A1BAA32947772600A93AB6 /* Service */ = {
			isa = PBXGroup;
			children = (
				D4A1BAA42947773A00A93AB6 /* URLService.swift */,
				D46FC8C329559A66007D0600 /* JSONParsingService.swift */,
				D41A26F62965D63000476BF1 /* StorageForBackdrops.swift */,
			);
			path = Service;
			sourceTree = "<group>";
		};
		D4B7DF2C28FDA87E00C23C3E = {
			isa = PBXGroup;
			children = (
				D4644A852906F2CB0060D551 /* README.md */,
				D4B7DF3728FDA87E00C23C3E /* FilmsApp */,
				D49A72A029683B0600C2C485 /* FilmsAppTests */,
				D49A72AF2969A78C00C2C485 /* FilmsAppUITests */,
				D4B7DF3628FDA87E00C23C3E /* Products */,
			);
			sourceTree = "<group>";
		};
		D4B7DF3628FDA87E00C23C3E /* Products */ = {
			isa = PBXGroup;
			children = (
				D4B7DF3528FDA87E00C23C3E /* FilmsApp.app */,
				D49A729F29683B0600C2C485 /* FilmsAppTests.xctest */,
				D49A72AE2969A78C00C2C485 /* FilmsAppUITests.xctest */,
			);
			name = Products;
			sourceTree = "<group>";
		};
		D4B7DF3728FDA87E00C23C3E /* FilmsApp */ = {
			isa = PBXGroup;
			children = (
				D4A1BAA32947772600A93AB6 /* Service */,
				D42FF596292BC7E200B2DD8C /* Supporting Files */,
				D42FF595292BC7D700B2DD8C /* Controller */,
				D42FF594292BC7CF00B2DD8C /* View */,
				D42FF593292BC7BE00B2DD8C /* Model */,
				D4B7DF4628FDA88000C23C3E /* Info.plist */,
			);
			path = FilmsApp;
			sourceTree = "<group>";
		};
/* End PBXGroup section */

/* Begin PBXNativeTarget section */
		D49A729E29683B0600C2C485 /* FilmsAppTests */ = {
			isa = PBXNativeTarget;
			buildConfigurationList = D49A72A729683B0600C2C485 /* Build configuration list for PBXNativeTarget "FilmsAppTests" */;
			buildPhases = (
				D49A729B29683B0600C2C485 /* Sources */,
				D49A729C29683B0600C2C485 /* Frameworks */,
				D49A729D29683B0600C2C485 /* Resources */,
			);
			buildRules = (
			);
			dependencies = (
				D49A72A429683B0600C2C485 /* PBXTargetDependency */,
			);
			name = FilmsAppTests;
			productName = FilmsAppTests;
			productReference = D49A729F29683B0600C2C485 /* FilmsAppTests.xctest */;
			productType = "com.apple.product-type.bundle.unit-test";
		};
		D49A72AD2969A78C00C2C485 /* FilmsAppUITests */ = {
			isa = PBXNativeTarget;
			buildConfigurationList = D49A72B62969A78C00C2C485 /* Build configuration list for PBXNativeTarget "FilmsAppUITests" */;
			buildPhases = (
				D49A72AA2969A78C00C2C485 /* Sources */,
				D49A72AB2969A78C00C2C485 /* Frameworks */,
				D49A72AC2969A78C00C2C485 /* Resources */,
			);
			buildRules = (
			);
			dependencies = (
				D49A72B52969A78C00C2C485 /* PBXTargetDependency */,
			);
			name = FilmsAppUITests;
			productName = FilmsAppUITests;
			productReference = D49A72AE2969A78C00C2C485 /* FilmsAppUITests.xctest */;
			productType = "com.apple.product-type.bundle.ui-testing";
		};
		D4B7DF3428FDA87E00C23C3E /* FilmsApp */ = {
			isa = PBXNativeTarget;
			buildConfigurationList = D4B7DF4928FDA88000C23C3E /* Build configuration list for PBXNativeTarget "FilmsApp" */;
			buildPhases = (
				D4B7DF3128FDA87E00C23C3E /* Sources */,
				D4B7DF3228FDA87E00C23C3E /* Frameworks */,
				D4B7DF3328FDA87E00C23C3E /* Resources */,
			);
			buildRules = (
			);
			dependencies = (
			);
			name = FilmsApp;
			packageProductDependencies = (
				D4EB556729379C9E00EC2525 /* Realm */,
				D4EB556929379C9E00EC2525 /* RealmSwift */,
			);
			productName = FilmsApp;
			productReference = D4B7DF3528FDA87E00C23C3E /* FilmsApp.app */;
			productType = "com.apple.product-type.application";
		};
/* End PBXNativeTarget section */

/* Begin PBXProject section */
		D4B7DF2D28FDA87E00C23C3E /* Project object */ = {
			isa = PBXProject;
			attributes = {
				BuildIndependentTargetsInParallel = 1;
				LastSwiftUpdateCheck = 1420;
				LastUpgradeCheck = 1400;
				TargetAttributes = {
					D49A729E29683B0600C2C485 = {
						CreatedOnToolsVersion = 14.2;
						TestTargetID = D4B7DF3428FDA87E00C23C3E;
					};
					D49A72AD2969A78C00C2C485 = {
						CreatedOnToolsVersion = 14.2;
						TestTargetID = D4B7DF3428FDA87E00C23C3E;
					};
					D4B7DF3428FDA87E00C23C3E = {
						CreatedOnToolsVersion = 14.0.1;
					};
				};
			};
			buildConfigurationList = D4B7DF3028FDA87E00C23C3E /* Build configuration list for PBXProject "FilmsApp" */;
			compatibilityVersion = "Xcode 14.0";
			developmentRegion = en;
			hasScannedForEncodings = 0;
			knownRegions = (
				en,
				Base,
			);
			mainGroup = D4B7DF2C28FDA87E00C23C3E;
			packageReferences = (
				D4EB556629379C9E00EC2525 /* XCRemoteSwiftPackageReference "realm-swift" */,
			);
			productRefGroup = D4B7DF3628FDA87E00C23C3E /* Products */;
			projectDirPath = "";
			projectRoot = "";
			targets = (
				D4B7DF3428FDA87E00C23C3E /* FilmsApp */,
				D49A729E29683B0600C2C485 /* FilmsAppTests */,
				D49A72AD2969A78C00C2C485 /* FilmsAppUITests */,
			);
		};
/* End PBXProject section */

/* Begin PBXResourcesBuildPhase section */
		D49A729D29683B0600C2C485 /* Resources */ = {
			isa = PBXResourcesBuildPhase;
			buildActionMask = 2147483647;
			files = (
			);
			runOnlyForDeploymentPostprocessing = 0;
		};
		D49A72AC2969A78C00C2C485 /* Resources */ = {
			isa = PBXResourcesBuildPhase;
			buildActionMask = 2147483647;
			files = (
			);
			runOnlyForDeploymentPostprocessing = 0;
		};
		D4B7DF3328FDA87E00C23C3E /* Resources */ = {
			isa = PBXResourcesBuildPhase;
			buildActionMask = 2147483647;
			files = (
				D4B7DF4528FDA88000C23C3E /* LaunchScreen.storyboard in Resources */,
				D4B7DF4228FDA88000C23C3E /* Assets.xcassets in Resources */,
				D43A2724292CDF0900E1074E /* FavoriteFilmCollectionViewCell.xib in Resources */,
				D41912AE29101CDF00AB55C4 /* FilmCollectionViewCell.xib in Resources */,
				D4B7DF4028FDA87E00C23C3E /* Main.storyboard in Resources */,
			);
			runOnlyForDeploymentPostprocessing = 0;
		};
/* End PBXResourcesBuildPhase section */

/* Begin PBXSourcesBuildPhase section */
		D49A729B29683B0600C2C485 /* Sources */ = {
			isa = PBXSourcesBuildPhase;
			buildActionMask = 2147483647;
			files = (
				D49A72A229683B0600C2C485 /* FilmsAppTests.swift in Sources */,
				D49A72A92969A65E00C2C485 /* UITestForFilmsApp.swift in Sources */,
			);
			runOnlyForDeploymentPostprocessing = 0;
		};
		D49A72AA2969A78C00C2C485 /* Sources */ = {
			isa = PBXSourcesBuildPhase;
			buildActionMask = 2147483647;
			files = (
				D49A72B32969A78C00C2C485 /* FilmsAppUITestsLaunchTests.swift in Sources */,
				D49A72B12969A78C00C2C485 /* FilmsAppUITests.swift in Sources */,
			);
			runOnlyForDeploymentPostprocessing = 0;
		};
		D4B7DF3128FDA87E00C23C3E /* Sources */ = {
			isa = PBXSourcesBuildPhase;
			buildActionMask = 2147483647;
			files = (
				D43E7CD7291E1F33004453D9 /* CustomDetailFilmViewController.swift in Sources */,
				D4EB5565293796D000EC2525 /* FullPicViewControllerCVC.swift in Sources */,
				D46FC8C429559A66007D0600 /* JSONParsingService.swift in Sources */,
				D4B7DF5428FDAA8900C23C3E /* FavoriteFilmsViewController.swift in Sources */,
				D4B7DF5228FDAA7700C23C3E /* FullPicViewController.swift in Sources */,
				D4A1BAA52947773A00A93AB6 /* URLService.swift in Sources */,
				D486FD8929378226001B8B06 /* ShotsFromMovieCVC.swift in Sources */,
				D4B7DF3D28FDA87E00C23C3E /* MainViewController.swift in Sources */,
				D43A2726292CE11E00E1074E /* FavoriteFilmCollectionViewCell.swift in Sources */,
				D41A26F72965D63000476BF1 /* StorageForBackdrops.swift in Sources */,
				D4B7DF3928FDA87E00C23C3E /* AppDelegate.swift in Sources */,
				D4B7DF3B28FDA87E00C23C3E /* SceneDelegate.swift in Sources */,
				D4B7DF5828FDAB4400C23C3E /* JSONModel.swift in Sources */,
				D46FC8C62956ECB8007D0600 /* LikedFilms.swift in Sources */,
				D42FF598292BCE0B00B2DD8C /* Model.swift in Sources */,
				D4B7DFCF2906E55600C23C3E /* FilmCollectionViewCell.swift in Sources */,
				D43E7CDA2926367D004453D9 /* RoundingTransition.swift in Sources */,
				D43E7CD5291D6523004453D9 /* PosterFullViewController.swift in Sources */,
				D4B7DF5028FDAA6000C23C3E /* FilmPicsViewController.swift in Sources */,
				D4EB556329378ADC00EC2525 /* FilmPicsViewControllerCVC.swift in Sources */,
				D4B7DF4E28FDAA4500C23C3E /* DetailFilmViewController.swift in Sources */,
				D4EB556C29379D3C00EC2525 /* FilmObject.swift in Sources */,
			);
			runOnlyForDeploymentPostprocessing = 0;
		};
/* End PBXSourcesBuildPhase section */

/* Begin PBXTargetDependency section */
		D49A72A429683B0600C2C485 /* PBXTargetDependency */ = {
			isa = PBXTargetDependency;
			target = D4B7DF3428FDA87E00C23C3E /* FilmsApp */;
			targetProxy = D49A72A329683B0600C2C485 /* PBXContainerItemProxy */;
		};
		D49A72B52969A78C00C2C485 /* PBXTargetDependency */ = {
			isa = PBXTargetDependency;
			target = D4B7DF3428FDA87E00C23C3E /* FilmsApp */;
			targetProxy = D49A72B42969A78C00C2C485 /* PBXContainerItemProxy */;
		};
/* End PBXTargetDependency section */

/* Begin PBXVariantGroup section */
		D4B7DF3E28FDA87E00C23C3E /* Main.storyboard */ = {
			isa = PBXVariantGroup;
			children = (
				D4B7DF3F28FDA87E00C23C3E /* Base */,
			);
			name = Main.storyboard;
			sourceTree = "<group>";
		};
		D4B7DF4328FDA88000C23C3E /* LaunchScreen.storyboard */ = {
			isa = PBXVariantGroup;
			children = (
				D4B7DF4428FDA88000C23C3E /* Base */,
			);
			name = LaunchScreen.storyboard;
			sourceTree = "<group>";
		};
/* End PBXVariantGroup section */

/* Begin XCBuildConfiguration section */
		D49A72A529683B0600C2C485 /* Debug */ = {
			isa = XCBuildConfiguration;
			buildSettings = {
				BUNDLE_LOADER = "$(TEST_HOST)";
				CODE_SIGN_STYLE = Automatic;
				CURRENT_PROJECT_VERSION = 1;
				DEVELOPMENT_TEAM = UPG6YRJUMF;
				GENERATE_INFOPLIST_FILE = YES;
				IPHONEOS_DEPLOYMENT_TARGET = 16.2;
				MACOSX_DEPLOYMENT_TARGET = 13.0;
				MARKETING_VERSION = 1.0;
				PRODUCT_BUNDLE_IDENTIFIER = Alexey.Zhuravlev.FilmsAppTests;
				PRODUCT_NAME = "$(TARGET_NAME)";
				SDKROOT = auto;
				SUPPORTED_PLATFORMS = "iphoneos iphonesimulator macosx";
				SWIFT_EMIT_LOC_STRINGS = NO;
				SWIFT_VERSION = 5.0;
				TARGETED_DEVICE_FAMILY = "1,2";
				TEST_HOST = "$(BUILT_PRODUCTS_DIR)/FilmsApp.app/$(BUNDLE_EXECUTABLE_FOLDER_PATH)/FilmsApp";
			};
			name = Debug;
		};
		D49A72A629683B0600C2C485 /* Release */ = {
			isa = XCBuildConfiguration;
			buildSettings = {
				BUNDLE_LOADER = "$(TEST_HOST)";
				CODE_SIGN_STYLE = Automatic;
				CURRENT_PROJECT_VERSION = 1;
				DEVELOPMENT_TEAM = UPG6YRJUMF;
				GENERATE_INFOPLIST_FILE = YES;
				IPHONEOS_DEPLOYMENT_TARGET = 16.2;
				MACOSX_DEPLOYMENT_TARGET = 13.0;
				MARKETING_VERSION = 1.0;
				PRODUCT_BUNDLE_IDENTIFIER = Alexey.Zhuravlev.FilmsAppTests;
				PRODUCT_NAME = "$(TARGET_NAME)";
				SDKROOT = auto;
				SUPPORTED_PLATFORMS = "iphoneos iphonesimulator macosx";
				SWIFT_EMIT_LOC_STRINGS = NO;
				SWIFT_VERSION = 5.0;
				TARGETED_DEVICE_FAMILY = "1,2";
				TEST_HOST = "$(BUILT_PRODUCTS_DIR)/FilmsApp.app/$(BUNDLE_EXECUTABLE_FOLDER_PATH)/FilmsApp";
			};
			name = Release;
		};
		D49A72B72969A78C00C2C485 /* Debug */ = {
			isa = XCBuildConfiguration;
			buildSettings = {
				CODE_SIGN_STYLE = Automatic;
				CURRENT_PROJECT_VERSION = 1;
				DEVELOPMENT_TEAM = UPG6YRJUMF;
				GENERATE_INFOPLIST_FILE = YES;
				IPHONEOS_DEPLOYMENT_TARGET = 16.2;
				MARKETING_VERSION = 1.0;
				PRODUCT_BUNDLE_IDENTIFIER = Alexey.Zhuravlev.FilmsAppUITests;
				PRODUCT_NAME = "$(TARGET_NAME)";
				SWIFT_EMIT_LOC_STRINGS = NO;
				SWIFT_VERSION = 5.0;
				TARGETED_DEVICE_FAMILY = "1,2";
				TEST_TARGET_NAME = FilmsApp;
			};
			name = Debug;
		};
		D49A72B82969A78C00C2C485 /* Release */ = {
			isa = XCBuildConfiguration;
			buildSettings = {
				CODE_SIGN_STYLE = Automatic;
				CURRENT_PROJECT_VERSION = 1;
				DEVELOPMENT_TEAM = UPG6YRJUMF;
				GENERATE_INFOPLIST_FILE = YES;
				IPHONEOS_DEPLOYMENT_TARGET = 16.2;
				MARKETING_VERSION = 1.0;
				PRODUCT_BUNDLE_IDENTIFIER = Alexey.Zhuravlev.FilmsAppUITests;
				PRODUCT_NAME = "$(TARGET_NAME)";
				SWIFT_EMIT_LOC_STRINGS = NO;
				SWIFT_VERSION = 5.0;
				TARGETED_DEVICE_FAMILY = "1,2";
				TEST_TARGET_NAME = FilmsApp;
			};
			name = Release;
		};
		D4B7DF4728FDA88000C23C3E /* Debug */ = {
			isa = XCBuildConfiguration;
			buildSettings = {
				ALWAYS_SEARCH_USER_PATHS = NO;
				CLANG_ANALYZER_NONNULL = YES;
				CLANG_ANALYZER_NUMBER_OBJECT_CONVERSION = YES_AGGRESSIVE;
				CLANG_CXX_LANGUAGE_STANDARD = "gnu++20";
				CLANG_ENABLE_MODULES = YES;
				CLANG_ENABLE_OBJC_ARC = YES;
				CLANG_ENABLE_OBJC_WEAK = YES;
				CLANG_WARN_BLOCK_CAPTURE_AUTORELEASING = YES;
				CLANG_WARN_BOOL_CONVERSION = YES;
				CLANG_WARN_COMMA = YES;
				CLANG_WARN_CONSTANT_CONVERSION = YES;
				CLANG_WARN_DEPRECATED_OBJC_IMPLEMENTATIONS = YES;
				CLANG_WARN_DIRECT_OBJC_ISA_USAGE = YES_ERROR;
				CLANG_WARN_DOCUMENTATION_COMMENTS = YES;
				CLANG_WARN_EMPTY_BODY = YES;
				CLANG_WARN_ENUM_CONVERSION = YES;
				CLANG_WARN_INFINITE_RECURSION = YES;
				CLANG_WARN_INT_CONVERSION = YES;
				CLANG_WARN_NON_LITERAL_NULL_CONVERSION = YES;
				CLANG_WARN_OBJC_IMPLICIT_RETAIN_SELF = YES;
				CLANG_WARN_OBJC_LITERAL_CONVERSION = YES;
				CLANG_WARN_OBJC_ROOT_CLASS = YES_ERROR;
				CLANG_WARN_QUOTED_INCLUDE_IN_FRAMEWORK_HEADER = YES;
				CLANG_WARN_RANGE_LOOP_ANALYSIS = YES;
				CLANG_WARN_STRICT_PROTOTYPES = YES;
				CLANG_WARN_SUSPICIOUS_MOVE = YES;
				CLANG_WARN_UNGUARDED_AVAILABILITY = YES_AGGRESSIVE;
				CLANG_WARN_UNREACHABLE_CODE = YES;
				CLANG_WARN__DUPLICATE_METHOD_MATCH = YES;
				COPY_PHASE_STRIP = NO;
				DEBUG_INFORMATION_FORMAT = dwarf;
				ENABLE_STRICT_OBJC_MSGSEND = YES;
				ENABLE_TESTABILITY = YES;
				GCC_C_LANGUAGE_STANDARD = gnu11;
				GCC_DYNAMIC_NO_PIC = NO;
				GCC_NO_COMMON_BLOCKS = YES;
				GCC_OPTIMIZATION_LEVEL = 0;
				GCC_PREPROCESSOR_DEFINITIONS = (
					"DEBUG=1",
					"$(inherited)",
				);
				GCC_WARN_64_TO_32_BIT_CONVERSION = YES;
				GCC_WARN_ABOUT_RETURN_TYPE = YES_ERROR;
				GCC_WARN_UNDECLARED_SELECTOR = YES;
				GCC_WARN_UNINITIALIZED_AUTOS = YES_AGGRESSIVE;
				GCC_WARN_UNUSED_FUNCTION = YES;
				GCC_WARN_UNUSED_VARIABLE = YES;
				IPHONEOS_DEPLOYMENT_TARGET = 16.0;
				MTL_ENABLE_DEBUG_INFO = INCLUDE_SOURCE;
				MTL_FAST_MATH = YES;
				ONLY_ACTIVE_ARCH = YES;
				SDKROOT = iphoneos;
				SWIFT_ACTIVE_COMPILATION_CONDITIONS = DEBUG;
				SWIFT_OPTIMIZATION_LEVEL = "-Onone";
			};
			name = Debug;
		};
		D4B7DF4828FDA88000C23C3E /* Release */ = {
			isa = XCBuildConfiguration;
			buildSettings = {
				ALWAYS_SEARCH_USER_PATHS = NO;
				CLANG_ANALYZER_NONNULL = YES;
				CLANG_ANALYZER_NUMBER_OBJECT_CONVERSION = YES_AGGRESSIVE;
				CLANG_CXX_LANGUAGE_STANDARD = "gnu++20";
				CLANG_ENABLE_MODULES = YES;
				CLANG_ENABLE_OBJC_ARC = YES;
				CLANG_ENABLE_OBJC_WEAK = YES;
				CLANG_WARN_BLOCK_CAPTURE_AUTORELEASING = YES;
				CLANG_WARN_BOOL_CONVERSION = YES;
				CLANG_WARN_COMMA = YES;
				CLANG_WARN_CONSTANT_CONVERSION = YES;
				CLANG_WARN_DEPRECATED_OBJC_IMPLEMENTATIONS = YES;
				CLANG_WARN_DIRECT_OBJC_ISA_USAGE = YES_ERROR;
				CLANG_WARN_DOCUMENTATION_COMMENTS = YES;
				CLANG_WARN_EMPTY_BODY = YES;
				CLANG_WARN_ENUM_CONVERSION = YES;
				CLANG_WARN_INFINITE_RECURSION = YES;
				CLANG_WARN_INT_CONVERSION = YES;
				CLANG_WARN_NON_LITERAL_NULL_CONVERSION = YES;
				CLANG_WARN_OBJC_IMPLICIT_RETAIN_SELF = YES;
				CLANG_WARN_OBJC_LITERAL_CONVERSION = YES;
				CLANG_WARN_OBJC_ROOT_CLASS = YES_ERROR;
				CLANG_WARN_QUOTED_INCLUDE_IN_FRAMEWORK_HEADER = YES;
				CLANG_WARN_RANGE_LOOP_ANALYSIS = YES;
				CLANG_WARN_STRICT_PROTOTYPES = YES;
				CLANG_WARN_SUSPICIOUS_MOVE = YES;
				CLANG_WARN_UNGUARDED_AVAILABILITY = YES_AGGRESSIVE;
				CLANG_WARN_UNREACHABLE_CODE = YES;
				CLANG_WARN__DUPLICATE_METHOD_MATCH = YES;
				COPY_PHASE_STRIP = NO;
				DEBUG_INFORMATION_FORMAT = "dwarf-with-dsym";
				ENABLE_NS_ASSERTIONS = NO;
				ENABLE_STRICT_OBJC_MSGSEND = YES;
				GCC_C_LANGUAGE_STANDARD = gnu11;
				GCC_NO_COMMON_BLOCKS = YES;
				GCC_WARN_64_TO_32_BIT_CONVERSION = YES;
				GCC_WARN_ABOUT_RETURN_TYPE = YES_ERROR;
				GCC_WARN_UNDECLARED_SELECTOR = YES;
				GCC_WARN_UNINITIALIZED_AUTOS = YES_AGGRESSIVE;
				GCC_WARN_UNUSED_FUNCTION = YES;
				GCC_WARN_UNUSED_VARIABLE = YES;
				IPHONEOS_DEPLOYMENT_TARGET = 16.0;
				MTL_ENABLE_DEBUG_INFO = NO;
				MTL_FAST_MATH = YES;
				SDKROOT = iphoneos;
				SWIFT_COMPILATION_MODE = wholemodule;
				SWIFT_OPTIMIZATION_LEVEL = "-O";
				VALIDATE_PRODUCT = YES;
			};
			name = Release;
		};
		D4B7DF4A28FDA88000C23C3E /* Debug */ = {
			isa = XCBuildConfiguration;
			buildSettings = {
				ASSETCATALOG_COMPILER_APPICON_NAME = AppIcon;
				ASSETCATALOG_COMPILER_GLOBAL_ACCENT_COLOR_NAME = AccentColor;
				CODE_SIGN_STYLE = Automatic;
				CURRENT_PROJECT_VERSION = 1;
				DEVELOPMENT_TEAM = UPG6YRJUMF;
				GENERATE_INFOPLIST_FILE = YES;
				INFOPLIST_FILE = FilmsApp/Info.plist;
				INFOPLIST_KEY_UIApplicationSupportsIndirectInputEvents = YES;
				INFOPLIST_KEY_UILaunchStoryboardName = LaunchScreen;
				INFOPLIST_KEY_UIMainStoryboardFile = Main;
				INFOPLIST_KEY_UISupportedInterfaceOrientations = UIInterfaceOrientationPortrait;
				INFOPLIST_KEY_UISupportedInterfaceOrientations_iPad = UIInterfaceOrientationLandscapeRight;
				LD_RUNPATH_SEARCH_PATHS = (
					"$(inherited)",
					"@executable_path/Frameworks",
				);
				MARKETING_VERSION = 1.0;
				PRODUCT_BUNDLE_IDENTIFIER = Alexey.Zhuravlev.FilmsApp;
				PRODUCT_NAME = "$(TARGET_NAME)";
				SWIFT_EMIT_LOC_STRINGS = YES;
				SWIFT_VERSION = 5.0;
				TARGETED_DEVICE_FAMILY = "1,2";
			};
			name = Debug;
		};
		D4B7DF4B28FDA88000C23C3E /* Release */ = {
			isa = XCBuildConfiguration;
			buildSettings = {
				ASSETCATALOG_COMPILER_APPICON_NAME = AppIcon;
				ASSETCATALOG_COMPILER_GLOBAL_ACCENT_COLOR_NAME = AccentColor;
				CODE_SIGN_STYLE = Automatic;
				CURRENT_PROJECT_VERSION = 1;
				DEVELOPMENT_TEAM = UPG6YRJUMF;
				GENERATE_INFOPLIST_FILE = YES;
				INFOPLIST_FILE = FilmsApp/Info.plist;
				INFOPLIST_KEY_UIApplicationSupportsIndirectInputEvents = YES;
				INFOPLIST_KEY_UILaunchStoryboardName = LaunchScreen;
				INFOPLIST_KEY_UIMainStoryboardFile = Main;
				INFOPLIST_KEY_UISupportedInterfaceOrientations = UIInterfaceOrientationPortrait;
				INFOPLIST_KEY_UISupportedInterfaceOrientations_iPad = UIInterfaceOrientationLandscapeRight;
				LD_RUNPATH_SEARCH_PATHS = (
					"$(inherited)",
					"@executable_path/Frameworks",
				);
				MARKETING_VERSION = 1.0;
				PRODUCT_BUNDLE_IDENTIFIER = Alexey.Zhuravlev.FilmsApp;
				PRODUCT_NAME = "$(TARGET_NAME)";
				SWIFT_EMIT_LOC_STRINGS = YES;
				SWIFT_VERSION = 5.0;
				TARGETED_DEVICE_FAMILY = "1,2";
			};
			name = Release;
		};
/* End XCBuildConfiguration section */

/* Begin XCConfigurationList section */
		D49A72A729683B0600C2C485 /* Build configuration list for PBXNativeTarget "FilmsAppTests" */ = {
			isa = XCConfigurationList;
			buildConfigurations = (
				D49A72A529683B0600C2C485 /* Debug */,
				D49A72A629683B0600C2C485 /* Release */,
			);
			defaultConfigurationIsVisible = 0;
			defaultConfigurationName = Release;
		};
		D49A72B62969A78C00C2C485 /* Build configuration list for PBXNativeTarget "FilmsAppUITests" */ = {
			isa = XCConfigurationList;
			buildConfigurations = (
				D49A72B72969A78C00C2C485 /* Debug */,
				D49A72B82969A78C00C2C485 /* Release */,
			);
			defaultConfigurationIsVisible = 0;
			defaultConfigurationName = Release;
		};
		D4B7DF3028FDA87E00C23C3E /* Build configuration list for PBXProject "FilmsApp" */ = {
			isa = XCConfigurationList;
			buildConfigurations = (
				D4B7DF4728FDA88000C23C3E /* Debug */,
				D4B7DF4828FDA88000C23C3E /* Release */,
			);
			defaultConfigurationIsVisible = 0;
			defaultConfigurationName = Release;
		};
		D4B7DF4928FDA88000C23C3E /* Build configuration list for PBXNativeTarget "FilmsApp" */ = {
			isa = XCConfigurationList;
			buildConfigurations = (
				D4B7DF4A28FDA88000C23C3E /* Debug */,
				D4B7DF4B28FDA88000C23C3E /* Release */,
			);
			defaultConfigurationIsVisible = 0;
			defaultConfigurationName = Release;
		};
/* End XCConfigurationList section */

/* Begin XCRemoteSwiftPackageReference section */
		D4EB556629379C9E00EC2525 /* XCRemoteSwiftPackageReference "realm-swift" */ = {
			isa = XCRemoteSwiftPackageReference;
			repositoryURL = "https://github.com/realm/realm-swift.git";
			requirement = {
				branch = master;
				kind = branch;
			};
		};
/* End XCRemoteSwiftPackageReference section */

/* Begin XCSwiftPackageProductDependency section */
		D4EB556729379C9E00EC2525 /* Realm */ = {
			isa = XCSwiftPackageProductDependency;
			package = D4EB556629379C9E00EC2525 /* XCRemoteSwiftPackageReference "realm-swift" */;
			productName = Realm;
		};
		D4EB556929379C9E00EC2525 /* RealmSwift */ = {
			isa = XCSwiftPackageProductDependency;
			package = D4EB556629379C9E00EC2525 /* XCRemoteSwiftPackageReference "realm-swift" */;
			productName = RealmSwift;
		};
/* End XCSwiftPackageProductDependency section */
	};
	rootObject = D4B7DF2D28FDA87E00C23C3E /* Project object */;
}
